// !$*UTF8*$!
{
	archiveVersion = 1;
	classes = {
	};
	objectVersion = 56;
	objects = {

/* Begin PBXBuildFile section */
		5C25F6712B74A4280038F9AD /* OnboardingViewController.swift in Sources */ = {isa = PBXBuildFile; fileRef = 5C25F6702B74A4270038F9AD /* OnboardingViewController.swift */; };
		5C25F6732B74A6530038F9AD /* OnboardingCollectionViewCell.swift in Sources */ = {isa = PBXBuildFile; fileRef = 5C25F6722B74A6530038F9AD /* OnboardingCollectionViewCell.swift */; };
		5C25F6752B74AA6B0038F9AD /* OnboardingDataModel.swift in Sources */ = {isa = PBXBuildFile; fileRef = 5C25F6742B74AA6B0038F9AD /* OnboardingDataModel.swift */; };
		5C2B97462C20200A000EE2A1 /* Environment.swift in Sources */ = {isa = PBXBuildFile; fileRef = 5C2B97452C20200A000EE2A1 /* Environment.swift */; };
		5C2B97482C2022CA000EE2A1 /* S3Manager.swift in Sources */ = {isa = PBXBuildFile; fileRef = 5C2B97472C2022CA000EE2A1 /* S3Manager.swift */; };
		5C382FD22B95B093003DD4C6 /* TemplateCollectionViewCell.swift in Sources */ = {isa = PBXBuildFile; fileRef = 5C382FD12B95B093003DD4C6 /* TemplateCollectionViewCell.swift */; };
		5C382FD42B95E49D003DD4C6 /* CheckViewController.swift in Sources */ = {isa = PBXBuildFile; fileRef = 5C382FD32B95E49D003DD4C6 /* CheckViewController.swift */; };
		5C382FD62B95E4BC003DD4C6 /* VoiceSelectViewController.swift in Sources */ = {isa = PBXBuildFile; fileRef = 5C382FD52B95E4BC003DD4C6 /* VoiceSelectViewController.swift */; };
		5C382FDB2B95E654003DD4C6 /* VoiceTableViewCell.swift in Sources */ = {isa = PBXBuildFile; fileRef = 5C382FDA2B95E654003DD4C6 /* VoiceTableViewCell.swift */; };
		5C382FDE2B96EF8E003DD4C6 /* Scene.swift in Sources */ = {isa = PBXBuildFile; fileRef = 5C382FDD2B96EF8E003DD4C6 /* Scene.swift */; };
		5C4BB4642B7B495A0045FB28 /* BMJUA_otf.otf in Resources */ = {isa = PBXBuildFile; fileRef = 5C4BB45D2B7B45B30045FB28 /* BMJUA_otf.otf */; };
		5C4BB4682B7B501F0045FB28 /* TabBarViewController.swift in Sources */ = {isa = PBXBuildFile; fileRef = 5C4BB4672B7B501F0045FB28 /* TabBarViewController.swift */; };
		5C4BB46C2B7B55280045FB28 /* HomeViewController.swift in Sources */ = {isa = PBXBuildFile; fileRef = 5C4BB46B2B7B55280045FB28 /* HomeViewController.swift */; };
		5C4BB46E2B7B55540045FB28 /* MemesViewController.swift in Sources */ = {isa = PBXBuildFile; fileRef = 5C4BB46D2B7B55540045FB28 /* MemesViewController.swift */; };
		5C4BB4702B7B55720045FB28 /* StorageViewController.swift in Sources */ = {isa = PBXBuildFile; fileRef = 5C4BB46F2B7B55720045FB28 /* StorageViewController.swift */; };
		5C4BB4722B7B58AF0045FB28 /* GenerateViewController.swift in Sources */ = {isa = PBXBuildFile; fileRef = 5C4BB4712B7B58AF0045FB28 /* GenerateViewController.swift */; };
		5C4BB4742B7B5E300045FB28 /* TemplateTableViewCell.swift in Sources */ = {isa = PBXBuildFile; fileRef = 5C4BB4732B7B5E300045FB28 /* TemplateTableViewCell.swift */; };
		5C4BB4762B7B62D30045FB28 /* TemSelectViewController.swift in Sources */ = {isa = PBXBuildFile; fileRef = 5C4BB4752B7B62D30045FB28 /* TemSelectViewController.swift */; };
		5C4BB47D2B7BD1B40045FB28 /* Pretendard-Bold.otf in Resources */ = {isa = PBXBuildFile; fileRef = 5C4BB47C2B7BD1B40045FB28 /* Pretendard-Bold.otf */; };
		5C5536322B8B2967004A3E67 /* SelectViewController.swift in Sources */ = {isa = PBXBuildFile; fileRef = 5C5536312B8B2967004A3E67 /* SelectViewController.swift */; };
		5C83D35B2B68DABC00F34F0B /* LoginViewController.swift in Sources */ = {isa = PBXBuildFile; fileRef = 5C83D35A2B68DABC00F34F0B /* LoginViewController.swift */; };
		5C8C1C0F2BC6A1F600E44813 /* AuthModel.swift in Sources */ = {isa = PBXBuildFile; fileRef = 5C8C1C0E2BC6A1F600E44813 /* AuthModel.swift */; };
		5C8C1C112BC6A20500E44813 /* AuthRouter.swift in Sources */ = {isa = PBXBuildFile; fileRef = 5C8C1C102BC6A20500E44813 /* AuthRouter.swift */; };
		5C8C1C132BC6A21400E44813 /* AuthService.swift in Sources */ = {isa = PBXBuildFile; fileRef = 5C8C1C122BC6A21400E44813 /* AuthService.swift */; };
		5C8E3F4D2C22A05F00CCB7C2 /* BaseView.swift in Sources */ = {isa = PBXBuildFile; fileRef = 5C8E3F4C2C22A05F00CCB7C2 /* BaseView.swift */; };
		5C8E3F502C22A22800CCB7C2 /* UITableView+Extension.swift in Sources */ = {isa = PBXBuildFile; fileRef = 5C8E3F4F2C22A22800CCB7C2 /* UITableView+Extension.swift */; };
		5C8E3F582C22B00600CCB7C2 /* GradientView.swift in Sources */ = {isa = PBXBuildFile; fileRef = 5C8E3F572C22B00600CCB7C2 /* GradientView.swift */; };
		5C9FE6062BE3DD020037EFCD /* Encodable+Extension.swift in Sources */ = {isa = PBXBuildFile; fileRef = 5C9FE6052BE3DD020037EFCD /* Encodable+Extension.swift */; };
		5CAB5B4F2B610EA600B2AF59 /* AppDelegate.swift in Sources */ = {isa = PBXBuildFile; fileRef = 5CAB5B4E2B610EA600B2AF59 /* AppDelegate.swift */; };
		5CAB5B512B610EA600B2AF59 /* SceneDelegate.swift in Sources */ = {isa = PBXBuildFile; fileRef = 5CAB5B502B610EA600B2AF59 /* SceneDelegate.swift */; };
		5CAB5B532B610EA600B2AF59 /* ViewController.swift in Sources */ = {isa = PBXBuildFile; fileRef = 5CAB5B522B610EA600B2AF59 /* ViewController.swift */; };
		5CAB5B562B610EA600B2AF59 /* Main.storyboard in Resources */ = {isa = PBXBuildFile; fileRef = 5CAB5B542B610EA600B2AF59 /* Main.storyboard */; };
		5CAB5B582B610EA800B2AF59 /* Assets.xcassets in Resources */ = {isa = PBXBuildFile; fileRef = 5CAB5B572B610EA800B2AF59 /* Assets.xcassets */; };
		5CAB5B5B2B610EA800B2AF59 /* LaunchScreen.storyboard in Resources */ = {isa = PBXBuildFile; fileRef = 5CAB5B592B610EA800B2AF59 /* LaunchScreen.storyboard */; };
		5CAB5B642B610F5500B2AF59 /* Alamofire in Frameworks */ = {isa = PBXBuildFile; productRef = 5CAB5B632B610F5500B2AF59 /* Alamofire */; };
		5CAB5B672B6110F600B2AF59 /* SnapKit in Frameworks */ = {isa = PBXBuildFile; productRef = 5CAB5B662B6110F600B2AF59 /* SnapKit */; };
		5CAE24322BC7EF9D00322AC6 /* BaseRouter.swift in Sources */ = {isa = PBXBuildFile; fileRef = 5CAE24312BC7EF9D00322AC6 /* BaseRouter.swift */; };
		5CAE24342BC7EFAA00322AC6 /* BaseService.swift in Sources */ = {isa = PBXBuildFile; fileRef = 5CAE24332BC7EFAA00322AC6 /* BaseService.swift */; };
		5CAE244D2BC7FFCD00322AC6 /* KakaoSDK in Frameworks */ = {isa = PBXBuildFile; productRef = 5CAE244C2BC7FFCD00322AC6 /* KakaoSDK */; };
		5CAE244F2BC7FFCD00322AC6 /* KakaoSDKAuth in Frameworks */ = {isa = PBXBuildFile; productRef = 5CAE244E2BC7FFCD00322AC6 /* KakaoSDKAuth */; };
		5CAE24512BC7FFCD00322AC6 /* KakaoSDKCert in Frameworks */ = {isa = PBXBuildFile; productRef = 5CAE24502BC7FFCD00322AC6 /* KakaoSDKCert */; };
		5CAE24532BC7FFCD00322AC6 /* KakaoSDKCertCore in Frameworks */ = {isa = PBXBuildFile; productRef = 5CAE24522BC7FFCD00322AC6 /* KakaoSDKCertCore */; };
		5CAE24552BC7FFCD00322AC6 /* KakaoSDKCommon in Frameworks */ = {isa = PBXBuildFile; productRef = 5CAE24542BC7FFCD00322AC6 /* KakaoSDKCommon */; };
		5CAE24572BC7FFCD00322AC6 /* KakaoSDKFriend in Frameworks */ = {isa = PBXBuildFile; productRef = 5CAE24562BC7FFCD00322AC6 /* KakaoSDKFriend */; };
		5CAE24592BC7FFCD00322AC6 /* KakaoSDKFriendCore in Frameworks */ = {isa = PBXBuildFile; productRef = 5CAE24582BC7FFCD00322AC6 /* KakaoSDKFriendCore */; };
		5CAE245B2BC7FFCD00322AC6 /* KakaoSDKNavi in Frameworks */ = {isa = PBXBuildFile; productRef = 5CAE245A2BC7FFCD00322AC6 /* KakaoSDKNavi */; };
		5CAE245D2BC7FFCD00322AC6 /* KakaoSDKShare in Frameworks */ = {isa = PBXBuildFile; productRef = 5CAE245C2BC7FFCD00322AC6 /* KakaoSDKShare */; };
		5CAE245F2BC7FFCD00322AC6 /* KakaoSDKTalk in Frameworks */ = {isa = PBXBuildFile; productRef = 5CAE245E2BC7FFCD00322AC6 /* KakaoSDKTalk */; };
		5CAE24612BC7FFCD00322AC6 /* KakaoSDKTemplate in Frameworks */ = {isa = PBXBuildFile; productRef = 5CAE24602BC7FFCD00322AC6 /* KakaoSDKTemplate */; };
		5CAE24632BC7FFCD00322AC6 /* KakaoSDKUser in Frameworks */ = {isa = PBXBuildFile; productRef = 5CAE24622BC7FFCD00322AC6 /* KakaoSDKUser */; };
		5CAE24652BC803A600322AC6 /* APIEventLogger.swift in Sources */ = {isa = PBXBuildFile; fileRef = 5CAE24642BC803A600322AC6 /* APIEventLogger.swift */; };
		5CAE24672BC803EA00322AC6 /* HeaderType.swift in Sources */ = {isa = PBXBuildFile; fileRef = 5CAE24662BC803EA00322AC6 /* HeaderType.swift */; };
		5CAE24692BC8040900322AC6 /* RequestParams.swift in Sources */ = {isa = PBXBuildFile; fileRef = 5CAE24682BC8040900322AC6 /* RequestParams.swift */; };
		5CAE246B2BC8043E00322AC6 /* APIContainer.swift in Sources */ = {isa = PBXBuildFile; fileRef = 5CAE246A2BC8043D00322AC6 /* APIContainer.swift */; };
		5CAE246D2BC804DA00322AC6 /* Constants.swift in Sources */ = {isa = PBXBuildFile; fileRef = 5CAE246C2BC804DA00322AC6 /* Constants.swift */; };
		5CAE24702BC91C0400322AC6 /* GoogleSignIn in Frameworks */ = {isa = PBXBuildFile; productRef = 5CAE246F2BC91C0400322AC6 /* GoogleSignIn */; };
		5CAE24722BC91C0400322AC6 /* GoogleSignInSwift in Frameworks */ = {isa = PBXBuildFile; productRef = 5CAE24712BC91C0400322AC6 /* GoogleSignInSwift */; };
		5CC28F882BF4A60F00089EC7 /* Member.swift in Sources */ = {isa = PBXBuildFile; fileRef = 5CC28F872BF4A60F00089EC7 /* Member.swift */; };
		5CC28F8A2BF4BFE200089EC7 /* VoiceManager.swift in Sources */ = {isa = PBXBuildFile; fileRef = 5CC28F892BF4BFE200089EC7 /* VoiceManager.swift */; };
		5CC28F8C2BF5AC8900089EC7 /* StorageCollectionViewCell.swift in Sources */ = {isa = PBXBuildFile; fileRef = 5CC28F8B2BF5AC8900089EC7 /* StorageCollectionViewCell.swift */; };
		5CC28F8E2BF5BEDF00089EC7 /* LoadingView.swift in Sources */ = {isa = PBXBuildFile; fileRef = 5CC28F8D2BF5BEDF00089EC7 /* LoadingView.swift */; };
		5CC28F902BF5C02F00089EC7 /* LoadingViewController.swift in Sources */ = {isa = PBXBuildFile; fileRef = 5CC28F8F2BF5C02F00089EC7 /* LoadingViewController.swift */; };
		5CC4BADD2B68E3DD00A2D259 /* NickNameSetViewController.swift in Sources */ = {isa = PBXBuildFile; fileRef = 5CC4BADC2B68E3DD00A2D259 /* NickNameSetViewController.swift */; };
		5CC889BF2BCD0EDB0074FFA2 /* DataManager.swift in Sources */ = {isa = PBXBuildFile; fileRef = 5CC889BE2BCD0EDB0074FFA2 /* DataManager.swift */; };
		5CC889C12BCD0F060074FFA2 /* SecureDataManager.swift in Sources */ = {isa = PBXBuildFile; fileRef = 5CC889C02BCD0F060074FFA2 /* SecureDataManager.swift */; };
		5CE3A12E2BEFD453001BF120 /* MainTemplateCollectionViewCell.swift in Sources */ = {isa = PBXBuildFile; fileRef = 5CE3A12D2BEFD453001BF120 /* MainTemplateCollectionViewCell.swift */; };
		5CE3A1312BF0A804001BF120 /* AWSAPIGateway in Frameworks */ = {isa = PBXBuildFile; productRef = 5CE3A1302BF0A804001BF120 /* AWSAPIGateway */; };
		5CE3A1332BF0A804001BF120 /* AWSAppleSignIn in Frameworks */ = {isa = PBXBuildFile; productRef = 5CE3A1322BF0A804001BF120 /* AWSAppleSignIn */; };
		5CE3A1352BF0A804001BF120 /* AWSAuthCore in Frameworks */ = {isa = PBXBuildFile; productRef = 5CE3A1342BF0A804001BF120 /* AWSAuthCore */; };
		5CE3A1372BF0A804001BF120 /* AWSAuthUI in Frameworks */ = {isa = PBXBuildFile; productRef = 5CE3A1362BF0A804001BF120 /* AWSAuthUI */; };
		5CE3A1392BF0A804001BF120 /* AWSAutoScaling in Frameworks */ = {isa = PBXBuildFile; productRef = 5CE3A1382BF0A804001BF120 /* AWSAutoScaling */; };
		5CE3A13B2BF0A804001BF120 /* AWSChimeSDKIdentity in Frameworks */ = {isa = PBXBuildFile; productRef = 5CE3A13A2BF0A804001BF120 /* AWSChimeSDKIdentity */; };
		5CE3A13D2BF0A804001BF120 /* AWSChimeSDKMessaging in Frameworks */ = {isa = PBXBuildFile; productRef = 5CE3A13C2BF0A804001BF120 /* AWSChimeSDKMessaging */; };
		5CE3A13F2BF0A804001BF120 /* AWSCloudWatch in Frameworks */ = {isa = PBXBuildFile; productRef = 5CE3A13E2BF0A804001BF120 /* AWSCloudWatch */; };
		5CE3A1412BF0A804001BF120 /* AWSCognitoAuth in Frameworks */ = {isa = PBXBuildFile; productRef = 5CE3A1402BF0A804001BF120 /* AWSCognitoAuth */; };
		5CE3A1432BF0A804001BF120 /* AWSCognitoIdentityProvider in Frameworks */ = {isa = PBXBuildFile; productRef = 5CE3A1422BF0A804001BF120 /* AWSCognitoIdentityProvider */; };
		5CE3A1452BF0A804001BF120 /* AWSCognitoIdentityProviderASF in Frameworks */ = {isa = PBXBuildFile; productRef = 5CE3A1442BF0A804001BF120 /* AWSCognitoIdentityProviderASF */; };
		5CE3A1472BF0A804001BF120 /* AWSComprehend in Frameworks */ = {isa = PBXBuildFile; productRef = 5CE3A1462BF0A804001BF120 /* AWSComprehend */; };
		5CE3A1492BF0A804001BF120 /* AWSConnect in Frameworks */ = {isa = PBXBuildFile; productRef = 5CE3A1482BF0A804001BF120 /* AWSConnect */; };
		5CE3A14B2BF0A804001BF120 /* AWSConnectParticipant in Frameworks */ = {isa = PBXBuildFile; productRef = 5CE3A14A2BF0A804001BF120 /* AWSConnectParticipant */; };
		5CE3A14D2BF0A804001BF120 /* AWSCore in Frameworks */ = {isa = PBXBuildFile; productRef = 5CE3A14C2BF0A804001BF120 /* AWSCore */; };
		5CE3A14F2BF0A804001BF120 /* AWSDynamoDB in Frameworks */ = {isa = PBXBuildFile; productRef = 5CE3A14E2BF0A804001BF120 /* AWSDynamoDB */; };
		5CE3A1512BF0A804001BF120 /* AWSEC2 in Frameworks */ = {isa = PBXBuildFile; productRef = 5CE3A1502BF0A804001BF120 /* AWSEC2 */; };
		5CE3A1532BF0A804001BF120 /* AWSElasticLoadBalancing in Frameworks */ = {isa = PBXBuildFile; productRef = 5CE3A1522BF0A804001BF120 /* AWSElasticLoadBalancing */; };
		5CE3A1552BF0A804001BF120 /* AWSFacebookSignIn in Frameworks */ = {isa = PBXBuildFile; productRef = 5CE3A1542BF0A804001BF120 /* AWSFacebookSignIn */; };
		5CE3A1572BF0A804001BF120 /* AWSGoogleSignIn in Frameworks */ = {isa = PBXBuildFile; productRef = 5CE3A1562BF0A804001BF120 /* AWSGoogleSignIn */; };
		5CE3A1592BF0A804001BF120 /* AWSIoT in Frameworks */ = {isa = PBXBuildFile; productRef = 5CE3A1582BF0A804001BF120 /* AWSIoT */; };
		5CE3A15B2BF0A804001BF120 /* AWSKMS in Frameworks */ = {isa = PBXBuildFile; productRef = 5CE3A15A2BF0A804001BF120 /* AWSKMS */; };
		5CE3A15D2BF0A804001BF120 /* AWSKinesis in Frameworks */ = {isa = PBXBuildFile; productRef = 5CE3A15C2BF0A804001BF120 /* AWSKinesis */; };
		5CE3A15F2BF0A804001BF120 /* AWSKinesisVideo in Frameworks */ = {isa = PBXBuildFile; productRef = 5CE3A15E2BF0A804001BF120 /* AWSKinesisVideo */; };
		5CE3A1612BF0A804001BF120 /* AWSKinesisVideoArchivedMedia in Frameworks */ = {isa = PBXBuildFile; productRef = 5CE3A1602BF0A804001BF120 /* AWSKinesisVideoArchivedMedia */; };
		5CE3A1632BF0A804001BF120 /* AWSKinesisVideoSignaling in Frameworks */ = {isa = PBXBuildFile; productRef = 5CE3A1622BF0A804001BF120 /* AWSKinesisVideoSignaling */; };
		5CE3A1652BF0A804001BF120 /* AWSKinesisVideoWebRTCStorage in Frameworks */ = {isa = PBXBuildFile; productRef = 5CE3A1642BF0A804001BF120 /* AWSKinesisVideoWebRTCStorage */; };
		5CE3A1672BF0A804001BF120 /* AWSLambda in Frameworks */ = {isa = PBXBuildFile; productRef = 5CE3A1662BF0A804001BF120 /* AWSLambda */; };
		5CE3A1692BF0A804001BF120 /* AWSLex in Frameworks */ = {isa = PBXBuildFile; productRef = 5CE3A1682BF0A804001BF120 /* AWSLex */; };
		5CE3A16B2BF0A804001BF120 /* AWSLocationXCF in Frameworks */ = {isa = PBXBuildFile; productRef = 5CE3A16A2BF0A804001BF120 /* AWSLocationXCF */; };
		5CE3A16D2BF0A804001BF120 /* AWSLogs in Frameworks */ = {isa = PBXBuildFile; productRef = 5CE3A16C2BF0A804001BF120 /* AWSLogs */; };
		5CE3A16F2BF0A804001BF120 /* AWSMachineLearning in Frameworks */ = {isa = PBXBuildFile; productRef = 5CE3A16E2BF0A804001BF120 /* AWSMachineLearning */; };
		5CE3A1712BF0A804001BF120 /* AWSMobileClientXCF in Frameworks */ = {isa = PBXBuildFile; productRef = 5CE3A1702BF0A804001BF120 /* AWSMobileClientXCF */; };
		5CE3A1732BF0A804001BF120 /* AWSPinpoint in Frameworks */ = {isa = PBXBuildFile; productRef = 5CE3A1722BF0A804001BF120 /* AWSPinpoint */; };
		5CE3A1752BF0A804001BF120 /* AWSPolly in Frameworks */ = {isa = PBXBuildFile; productRef = 5CE3A1742BF0A804001BF120 /* AWSPolly */; };
		5CE3A1772BF0A804001BF120 /* AWSRekognition in Frameworks */ = {isa = PBXBuildFile; productRef = 5CE3A1762BF0A804001BF120 /* AWSRekognition */; };
		5CE3A1792BF0A804001BF120 /* AWSS3 in Frameworks */ = {isa = PBXBuildFile; productRef = 5CE3A1782BF0A804001BF120 /* AWSS3 */; };
		5CE3A17B2BF0A804001BF120 /* AWSSES in Frameworks */ = {isa = PBXBuildFile; productRef = 5CE3A17A2BF0A804001BF120 /* AWSSES */; };
		5CE3A17D2BF0A804001BF120 /* AWSSNS in Frameworks */ = {isa = PBXBuildFile; productRef = 5CE3A17C2BF0A804001BF120 /* AWSSNS */; };
		5CE3A17F2BF0A804001BF120 /* AWSSQS in Frameworks */ = {isa = PBXBuildFile; productRef = 5CE3A17E2BF0A804001BF120 /* AWSSQS */; };
		5CE3A1812BF0A804001BF120 /* AWSSageMakerRuntime in Frameworks */ = {isa = PBXBuildFile; productRef = 5CE3A1802BF0A804001BF120 /* AWSSageMakerRuntime */; };
		5CE3A1832BF0A804001BF120 /* AWSSimpleDB in Frameworks */ = {isa = PBXBuildFile; productRef = 5CE3A1822BF0A804001BF120 /* AWSSimpleDB */; };
		5CE3A1852BF0A804001BF120 /* AWSTextract in Frameworks */ = {isa = PBXBuildFile; productRef = 5CE3A1842BF0A804001BF120 /* AWSTextract */; };
		5CE3A1872BF0A804001BF120 /* AWSTranscribe in Frameworks */ = {isa = PBXBuildFile; productRef = 5CE3A1862BF0A804001BF120 /* AWSTranscribe */; };
		5CE3A1892BF0A804001BF120 /* AWSTranscribeStreaming in Frameworks */ = {isa = PBXBuildFile; productRef = 5CE3A1882BF0A804001BF120 /* AWSTranscribeStreaming */; };
		5CE3A18B2BF0A804001BF120 /* AWSTranslate in Frameworks */ = {isa = PBXBuildFile; productRef = 5CE3A18A2BF0A804001BF120 /* AWSTranslate */; };
		5CE3A18D2BF0A804001BF120 /* AWSUserPoolsSignIn in Frameworks */ = {isa = PBXBuildFile; productRef = 5CE3A18C2BF0A804001BF120 /* AWSUserPoolsSignIn */; };
		5CE3A1902BF0C6CA001BF120 /* S3Configuration.swift in Sources */ = {isa = PBXBuildFile; fileRef = 5CE3A18F2BF0C6CA001BF120 /* S3Configuration.swift */; };
		5CE50AE12C22C396000A0CCE /* MuxPlayerSwift in Frameworks */ = {isa = PBXBuildFile; productRef = 5CE50AE02C22C396000A0CCE /* MuxPlayerSwift */; };
		5CE50AE32C22E378000A0CCE /* VideoPlayerView.swift in Sources */ = {isa = PBXBuildFile; fileRef = 5CE50AE22C22E378000A0CCE /* VideoPlayerView.swift */; };
		5CE50AE52C23347C000A0CCE /* MemesCollectionViewCell.swift in Sources */ = {isa = PBXBuildFile; fileRef = 5CE50AE42C23347C000A0CCE /* MemesCollectionViewCell.swift */; };
		5CE50AEA2C23434D000A0CCE /* dummyVideo02.mp4 in Resources */ = {isa = PBXBuildFile; fileRef = 5CE50AE62C23434C000A0CCE /* dummyVideo02.mp4 */; };
		5CE50AEB2C23434D000A0CCE /* video02.mp4 in Resources */ = {isa = PBXBuildFile; fileRef = 5CE50AE72C23434D000A0CCE /* video02.mp4 */; };
		5CE50AEC2C23434D000A0CCE /* dummyVideo01.mp4 in Resources */ = {isa = PBXBuildFile; fileRef = 5CE50AE82C23434D000A0CCE /* dummyVideo01.mp4 */; };
		5CE50AED2C23434D000A0CCE /* video01.mp4 in Resources */ = {isa = PBXBuildFile; fileRef = 5CE50AE92C23434D000A0CCE /* video01.mp4 */; };
		5CE50AEF2C235027000A0CCE /* dummyVideo03.mp4 in Resources */ = {isa = PBXBuildFile; fileRef = 5CE50AEE2C235027000A0CCE /* dummyVideo03.mp4 */; };
		5CF617842BF328FD00CCB297 /* Voice.swift in Sources */ = {isa = PBXBuildFile; fileRef = 5CF617832BF328FD00CCB297 /* Voice.swift */; };
/* End PBXBuildFile section */

/* Begin PBXFileReference section */
		5C25F6702B74A4270038F9AD /* OnboardingViewController.swift */ = {isa = PBXFileReference; lastKnownFileType = sourcecode.swift; path = OnboardingViewController.swift; sourceTree = "<group>"; };
		5C25F6722B74A6530038F9AD /* OnboardingCollectionViewCell.swift */ = {isa = PBXFileReference; lastKnownFileType = sourcecode.swift; path = OnboardingCollectionViewCell.swift; sourceTree = "<group>"; };
		5C25F6742B74AA6B0038F9AD /* OnboardingDataModel.swift */ = {isa = PBXFileReference; lastKnownFileType = sourcecode.swift; path = OnboardingDataModel.swift; sourceTree = "<group>"; };
		5C2B97452C20200A000EE2A1 /* Environment.swift */ = {isa = PBXFileReference; lastKnownFileType = sourcecode.swift; path = Environment.swift; sourceTree = "<group>"; };
		5C2B97472C2022CA000EE2A1 /* S3Manager.swift */ = {isa = PBXFileReference; lastKnownFileType = sourcecode.swift; path = S3Manager.swift; sourceTree = "<group>"; };
		5C382FD12B95B093003DD4C6 /* TemplateCollectionViewCell.swift */ = {isa = PBXFileReference; lastKnownFileType = sourcecode.swift; path = TemplateCollectionViewCell.swift; sourceTree = "<group>"; };
		5C382FD32B95E49D003DD4C6 /* CheckViewController.swift */ = {isa = PBXFileReference; lastKnownFileType = sourcecode.swift; path = CheckViewController.swift; sourceTree = "<group>"; };
		5C382FD52B95E4BC003DD4C6 /* VoiceSelectViewController.swift */ = {isa = PBXFileReference; lastKnownFileType = sourcecode.swift; path = VoiceSelectViewController.swift; sourceTree = "<group>"; };
		5C382FDA2B95E654003DD4C6 /* VoiceTableViewCell.swift */ = {isa = PBXFileReference; lastKnownFileType = sourcecode.swift; path = VoiceTableViewCell.swift; sourceTree = "<group>"; };
		5C382FDD2B96EF8E003DD4C6 /* Scene.swift */ = {isa = PBXFileReference; lastKnownFileType = sourcecode.swift; path = Scene.swift; sourceTree = "<group>"; };
		5C4BB45D2B7B45B30045FB28 /* BMJUA_otf.otf */ = {isa = PBXFileReference; lastKnownFileType = file; path = BMJUA_otf.otf; sourceTree = "<group>"; };
		5C4BB4672B7B501F0045FB28 /* TabBarViewController.swift */ = {isa = PBXFileReference; lastKnownFileType = sourcecode.swift; path = TabBarViewController.swift; sourceTree = "<group>"; };
		5C4BB46B2B7B55280045FB28 /* HomeViewController.swift */ = {isa = PBXFileReference; lastKnownFileType = sourcecode.swift; path = HomeViewController.swift; sourceTree = "<group>"; };
		5C4BB46D2B7B55540045FB28 /* MemesViewController.swift */ = {isa = PBXFileReference; lastKnownFileType = sourcecode.swift; path = MemesViewController.swift; sourceTree = "<group>"; };
		5C4BB46F2B7B55720045FB28 /* StorageViewController.swift */ = {isa = PBXFileReference; lastKnownFileType = sourcecode.swift; path = StorageViewController.swift; sourceTree = "<group>"; };
		5C4BB4712B7B58AF0045FB28 /* GenerateViewController.swift */ = {isa = PBXFileReference; lastKnownFileType = sourcecode.swift; path = GenerateViewController.swift; sourceTree = "<group>"; };
		5C4BB4732B7B5E300045FB28 /* TemplateTableViewCell.swift */ = {isa = PBXFileReference; lastKnownFileType = sourcecode.swift; path = TemplateTableViewCell.swift; sourceTree = "<group>"; };
		5C4BB4752B7B62D30045FB28 /* TemSelectViewController.swift */ = {isa = PBXFileReference; lastKnownFileType = sourcecode.swift; path = TemSelectViewController.swift; sourceTree = "<group>"; };
		5C4BB47C2B7BD1B40045FB28 /* Pretendard-Bold.otf */ = {isa = PBXFileReference; lastKnownFileType = file; path = "Pretendard-Bold.otf"; sourceTree = "<group>"; };
		5C5536312B8B2967004A3E67 /* SelectViewController.swift */ = {isa = PBXFileReference; lastKnownFileType = sourcecode.swift; path = SelectViewController.swift; sourceTree = "<group>"; };
		5C83D35A2B68DABC00F34F0B /* LoginViewController.swift */ = {isa = PBXFileReference; lastKnownFileType = sourcecode.swift; path = LoginViewController.swift; sourceTree = "<group>"; };
		5C8C1C0E2BC6A1F600E44813 /* AuthModel.swift */ = {isa = PBXFileReference; lastKnownFileType = sourcecode.swift; path = AuthModel.swift; sourceTree = "<group>"; };
		5C8C1C102BC6A20500E44813 /* AuthRouter.swift */ = {isa = PBXFileReference; lastKnownFileType = sourcecode.swift; path = AuthRouter.swift; sourceTree = "<group>"; };
		5C8C1C122BC6A21400E44813 /* AuthService.swift */ = {isa = PBXFileReference; lastKnownFileType = sourcecode.swift; path = AuthService.swift; sourceTree = "<group>"; };
		5C8E3F4C2C22A05F00CCB7C2 /* BaseView.swift */ = {isa = PBXFileReference; lastKnownFileType = sourcecode.swift; path = BaseView.swift; sourceTree = "<group>"; };
		5C8E3F4F2C22A22800CCB7C2 /* UITableView+Extension.swift */ = {isa = PBXFileReference; lastKnownFileType = sourcecode.swift; path = "UITableView+Extension.swift"; sourceTree = "<group>"; };
		5C8E3F572C22B00600CCB7C2 /* GradientView.swift */ = {isa = PBXFileReference; lastKnownFileType = sourcecode.swift; path = GradientView.swift; sourceTree = "<group>"; };
		5C9FE6052BE3DD020037EFCD /* Encodable+Extension.swift */ = {isa = PBXFileReference; lastKnownFileType = sourcecode.swift; path = "Encodable+Extension.swift"; sourceTree = "<group>"; };
		5CAB5B4B2B610EA600B2AF59 /* Memetory.app */ = {isa = PBXFileReference; explicitFileType = wrapper.application; includeInIndex = 0; path = Memetory.app; sourceTree = BUILT_PRODUCTS_DIR; };
		5CAB5B4E2B610EA600B2AF59 /* AppDelegate.swift */ = {isa = PBXFileReference; lastKnownFileType = sourcecode.swift; path = AppDelegate.swift; sourceTree = "<group>"; };
		5CAB5B502B610EA600B2AF59 /* SceneDelegate.swift */ = {isa = PBXFileReference; lastKnownFileType = sourcecode.swift; path = SceneDelegate.swift; sourceTree = "<group>"; };
		5CAB5B522B610EA600B2AF59 /* ViewController.swift */ = {isa = PBXFileReference; lastKnownFileType = sourcecode.swift; path = ViewController.swift; sourceTree = "<group>"; };
		5CAB5B552B610EA600B2AF59 /* Base */ = {isa = PBXFileReference; lastKnownFileType = file.storyboard; name = Base; path = Base.lproj/Main.storyboard; sourceTree = "<group>"; };
		5CAB5B572B610EA800B2AF59 /* Assets.xcassets */ = {isa = PBXFileReference; lastKnownFileType = folder.assetcatalog; path = Assets.xcassets; sourceTree = "<group>"; };
		5CAB5B5A2B610EA800B2AF59 /* Base */ = {isa = PBXFileReference; lastKnownFileType = file.storyboard; name = Base; path = Base.lproj/LaunchScreen.storyboard; sourceTree = "<group>"; };
		5CAB5B5C2B610EA800B2AF59 /* Info.plist */ = {isa = PBXFileReference; lastKnownFileType = text.plist.xml; path = Info.plist; sourceTree = "<group>"; };
		5CAE24312BC7EF9D00322AC6 /* BaseRouter.swift */ = {isa = PBXFileReference; lastKnownFileType = sourcecode.swift; path = BaseRouter.swift; sourceTree = "<group>"; };
		5CAE24332BC7EFAA00322AC6 /* BaseService.swift */ = {isa = PBXFileReference; lastKnownFileType = sourcecode.swift; path = BaseService.swift; sourceTree = "<group>"; };
		5CAE24642BC803A600322AC6 /* APIEventLogger.swift */ = {isa = PBXFileReference; lastKnownFileType = sourcecode.swift; path = APIEventLogger.swift; sourceTree = "<group>"; };
		5CAE24662BC803EA00322AC6 /* HeaderType.swift */ = {isa = PBXFileReference; lastKnownFileType = sourcecode.swift; path = HeaderType.swift; sourceTree = "<group>"; };
		5CAE24682BC8040900322AC6 /* RequestParams.swift */ = {isa = PBXFileReference; lastKnownFileType = sourcecode.swift; path = RequestParams.swift; sourceTree = "<group>"; };
		5CAE246A2BC8043D00322AC6 /* APIContainer.swift */ = {isa = PBXFileReference; lastKnownFileType = sourcecode.swift; path = APIContainer.swift; sourceTree = "<group>"; };
		5CAE246C2BC804DA00322AC6 /* Constants.swift */ = {isa = PBXFileReference; lastKnownFileType = sourcecode.swift; path = Constants.swift; sourceTree = "<group>"; };
		5CC28F872BF4A60F00089EC7 /* Member.swift */ = {isa = PBXFileReference; lastKnownFileType = sourcecode.swift; path = Member.swift; sourceTree = "<group>"; };
		5CC28F892BF4BFE200089EC7 /* VoiceManager.swift */ = {isa = PBXFileReference; lastKnownFileType = sourcecode.swift; path = VoiceManager.swift; sourceTree = "<group>"; };
		5CC28F8B2BF5AC8900089EC7 /* StorageCollectionViewCell.swift */ = {isa = PBXFileReference; lastKnownFileType = sourcecode.swift; path = StorageCollectionViewCell.swift; sourceTree = "<group>"; };
		5CC28F8D2BF5BEDF00089EC7 /* LoadingView.swift */ = {isa = PBXFileReference; lastKnownFileType = sourcecode.swift; path = LoadingView.swift; sourceTree = "<group>"; };
		5CC28F8F2BF5C02F00089EC7 /* LoadingViewController.swift */ = {isa = PBXFileReference; lastKnownFileType = sourcecode.swift; path = LoadingViewController.swift; sourceTree = "<group>"; };
		5CC4BADC2B68E3DD00A2D259 /* NickNameSetViewController.swift */ = {isa = PBXFileReference; lastKnownFileType = sourcecode.swift; path = NickNameSetViewController.swift; sourceTree = "<group>"; };
		5CC889BE2BCD0EDB0074FFA2 /* DataManager.swift */ = {isa = PBXFileReference; lastKnownFileType = sourcecode.swift; path = DataManager.swift; sourceTree = "<group>"; };
		5CC889C02BCD0F060074FFA2 /* SecureDataManager.swift */ = {isa = PBXFileReference; lastKnownFileType = sourcecode.swift; path = SecureDataManager.swift; sourceTree = "<group>"; };
		5CE3A12D2BEFD453001BF120 /* MainTemplateCollectionViewCell.swift */ = {isa = PBXFileReference; lastKnownFileType = sourcecode.swift; path = MainTemplateCollectionViewCell.swift; sourceTree = "<group>"; };
		5CE3A18F2BF0C6CA001BF120 /* S3Configuration.swift */ = {isa = PBXFileReference; lastKnownFileType = sourcecode.swift; path = S3Configuration.swift; sourceTree = "<group>"; };
		5CE50AE22C22E378000A0CCE /* VideoPlayerView.swift */ = {isa = PBXFileReference; lastKnownFileType = sourcecode.swift; path = VideoPlayerView.swift; sourceTree = "<group>"; };
		5CE50AE42C23347C000A0CCE /* MemesCollectionViewCell.swift */ = {isa = PBXFileReference; lastKnownFileType = sourcecode.swift; path = MemesCollectionViewCell.swift; sourceTree = "<group>"; };
		5CE50AE62C23434C000A0CCE /* dummyVideo02.mp4 */ = {isa = PBXFileReference; lastKnownFileType = file; path = dummyVideo02.mp4; sourceTree = "<group>"; };
		5CE50AE72C23434D000A0CCE /* video02.mp4 */ = {isa = PBXFileReference; lastKnownFileType = file; path = video02.mp4; sourceTree = "<group>"; };
		5CE50AE82C23434D000A0CCE /* dummyVideo01.mp4 */ = {isa = PBXFileReference; lastKnownFileType = file; path = dummyVideo01.mp4; sourceTree = "<group>"; };
		5CE50AE92C23434D000A0CCE /* video01.mp4 */ = {isa = PBXFileReference; lastKnownFileType = file; path = video01.mp4; sourceTree = "<group>"; };
		5CE50AEE2C235027000A0CCE /* dummyVideo03.mp4 */ = {isa = PBXFileReference; lastKnownFileType = file; path = dummyVideo03.mp4; sourceTree = "<group>"; };
		5CF617832BF328FD00CCB297 /* Voice.swift */ = {isa = PBXFileReference; lastKnownFileType = sourcecode.swift; path = Voice.swift; sourceTree = "<group>"; };
/* End PBXFileReference section */

/* Begin PBXFrameworksBuildPhase section */
		5CAB5B482B610EA600B2AF59 /* Frameworks */ = {
			isa = PBXFrameworksBuildPhase;
			buildActionMask = 2147483647;
			files = (
				5CE3A17B2BF0A804001BF120 /* AWSSES in Frameworks */,
				5CAE24532BC7FFCD00322AC6 /* KakaoSDKCertCore in Frameworks */,
				5CE50AE12C22C396000A0CCE /* MuxPlayerSwift in Frameworks */,
				5CE3A16D2BF0A804001BF120 /* AWSLogs in Frameworks */,
				5CE3A16F2BF0A804001BF120 /* AWSMachineLearning in Frameworks */,
				5CE3A1472BF0A804001BF120 /* AWSComprehend in Frameworks */,
				5CE3A18B2BF0A804001BF120 /* AWSTranslate in Frameworks */,
				5CE3A1332BF0A804001BF120 /* AWSAppleSignIn in Frameworks */,
				5CE3A1572BF0A804001BF120 /* AWSGoogleSignIn in Frameworks */,
				5CE3A1632BF0A804001BF120 /* AWSKinesisVideoSignaling in Frameworks */,
				5CE3A1832BF0A804001BF120 /* AWSSimpleDB in Frameworks */,
				5CE3A1812BF0A804001BF120 /* AWSSageMakerRuntime in Frameworks */,
				5CAE244D2BC7FFCD00322AC6 /* KakaoSDK in Frameworks */,
				5CE3A14F2BF0A804001BF120 /* AWSDynamoDB in Frameworks */,
				5CE3A1732BF0A804001BF120 /* AWSPinpoint in Frameworks */,
				5CE3A15B2BF0A804001BF120 /* AWSKMS in Frameworks */,
				5CE3A18D2BF0A804001BF120 /* AWSUserPoolsSignIn in Frameworks */,
				5CE3A1892BF0A804001BF120 /* AWSTranscribeStreaming in Frameworks */,
				5CE3A15F2BF0A804001BF120 /* AWSKinesisVideo in Frameworks */,
				5CE3A1452BF0A804001BF120 /* AWSCognitoIdentityProviderASF in Frameworks */,
				5CE3A1532BF0A804001BF120 /* AWSElasticLoadBalancing in Frameworks */,
				5CE3A14B2BF0A804001BF120 /* AWSConnectParticipant in Frameworks */,
				5CE3A17F2BF0A804001BF120 /* AWSSQS in Frameworks */,
				5CE3A1552BF0A804001BF120 /* AWSFacebookSignIn in Frameworks */,
				5CE3A1672BF0A804001BF120 /* AWSLambda in Frameworks */,
				5CAB5B642B610F5500B2AF59 /* Alamofire in Frameworks */,
				5CE3A1372BF0A804001BF120 /* AWSAuthUI in Frameworks */,
				5CAE24722BC91C0400322AC6 /* GoogleSignInSwift in Frameworks */,
				5CE3A1792BF0A804001BF120 /* AWSS3 in Frameworks */,
				5CE3A14D2BF0A804001BF120 /* AWSCore in Frameworks */,
				5CE3A13F2BF0A804001BF120 /* AWSCloudWatch in Frameworks */,
				5CE3A1852BF0A804001BF120 /* AWSTextract in Frameworks */,
				5CAE24612BC7FFCD00322AC6 /* KakaoSDKTemplate in Frameworks */,
				5CAE24552BC7FFCD00322AC6 /* KakaoSDKCommon in Frameworks */,
				5CAE245F2BC7FFCD00322AC6 /* KakaoSDKTalk in Frameworks */,
				5CE3A1712BF0A804001BF120 /* AWSMobileClientXCF in Frameworks */,
				5CAE245B2BC7FFCD00322AC6 /* KakaoSDKNavi in Frameworks */,
				5CAE244F2BC7FFCD00322AC6 /* KakaoSDKAuth in Frameworks */,
				5CE3A1612BF0A804001BF120 /* AWSKinesisVideoArchivedMedia in Frameworks */,
				5CAE24572BC7FFCD00322AC6 /* KakaoSDKFriend in Frameworks */,
				5CE3A13D2BF0A804001BF120 /* AWSChimeSDKMessaging in Frameworks */,
				5CE3A1872BF0A804001BF120 /* AWSTranscribe in Frameworks */,
				5CE3A16B2BF0A804001BF120 /* AWSLocationXCF in Frameworks */,
				5CE3A1392BF0A804001BF120 /* AWSAutoScaling in Frameworks */,
				5CAE24702BC91C0400322AC6 /* GoogleSignIn in Frameworks */,
				5CE3A1512BF0A804001BF120 /* AWSEC2 in Frameworks */,
				5CAE24512BC7FFCD00322AC6 /* KakaoSDKCert in Frameworks */,
				5CAE245D2BC7FFCD00322AC6 /* KakaoSDKShare in Frameworks */,
				5CE3A15D2BF0A804001BF120 /* AWSKinesis in Frameworks */,
				5CE3A13B2BF0A804001BF120 /* AWSChimeSDKIdentity in Frameworks */,
				5CE3A1352BF0A804001BF120 /* AWSAuthCore in Frameworks */,
				5CE3A1692BF0A804001BF120 /* AWSLex in Frameworks */,
				5CE3A1312BF0A804001BF120 /* AWSAPIGateway in Frameworks */,
				5CAB5B672B6110F600B2AF59 /* SnapKit in Frameworks */,
				5CE3A1752BF0A804001BF120 /* AWSPolly in Frameworks */,
				5CAE24632BC7FFCD00322AC6 /* KakaoSDKUser in Frameworks */,
				5CE3A1592BF0A804001BF120 /* AWSIoT in Frameworks */,
				5CE3A1772BF0A804001BF120 /* AWSRekognition in Frameworks */,
				5CE3A1432BF0A804001BF120 /* AWSCognitoIdentityProvider in Frameworks */,
				5CE3A17D2BF0A804001BF120 /* AWSSNS in Frameworks */,
				5CE3A1652BF0A804001BF120 /* AWSKinesisVideoWebRTCStorage in Frameworks */,
				5CE3A1492BF0A804001BF120 /* AWSConnect in Frameworks */,
				5CE3A1412BF0A804001BF120 /* AWSCognitoAuth in Frameworks */,
				5CAE24592BC7FFCD00322AC6 /* KakaoSDKFriendCore in Frameworks */,
			);
			runOnlyForDeploymentPostprocessing = 0;
		};
/* End PBXFrameworksBuildPhase section */

/* Begin PBXGroup section */
		5C25F66E2B74A3EB0038F9AD /* Login */ = {
			isa = PBXGroup;
			children = (
				5C25F66F2B74A4020038F9AD /* Onboarding */,
				5C83D35A2B68DABC00F34F0B /* LoginViewController.swift */,
				5CC4BADC2B68E3DD00A2D259 /* NickNameSetViewController.swift */,
			);
			path = Login;
			sourceTree = "<group>";
		};
		5C25F66F2B74A4020038F9AD /* Onboarding */ = {
			isa = PBXGroup;
			children = (
				5C25F6702B74A4270038F9AD /* OnboardingViewController.swift */,
				5C25F6722B74A6530038F9AD /* OnboardingCollectionViewCell.swift */,
				5C25F6742B74AA6B0038F9AD /* OnboardingDataModel.swift */,
			);
			path = Onboarding;
			sourceTree = "<group>";
		};
		5C382FD72B95E5FA003DD4C6 /* Template */ = {
			isa = PBXGroup;
			children = (
				5C4BB4712B7B58AF0045FB28 /* GenerateViewController.swift */,
				5C4BB4732B7B5E300045FB28 /* TemplateTableViewCell.swift */,
				5CE3A12D2BEFD453001BF120 /* MainTemplateCollectionViewCell.swift */,
			);
			path = Template;
			sourceTree = "<group>";
		};
		5C382FD82B95E61B003DD4C6 /* Scene */ = {
			isa = PBXGroup;
			children = (
				5C4BB4752B7B62D30045FB28 /* TemSelectViewController.swift */,
				5C382FD12B95B093003DD4C6 /* TemplateCollectionViewCell.swift */,
			);
			path = Scene;
			sourceTree = "<group>";
		};
		5C382FD92B95E629003DD4C6 /* Voice */ = {
			isa = PBXGroup;
			children = (
				5C382FD52B95E4BC003DD4C6 /* VoiceSelectViewController.swift */,
				5CC28F8D2BF5BEDF00089EC7 /* LoadingView.swift */,
				5CC28F8F2BF5C02F00089EC7 /* LoadingViewController.swift */,
				5C382FDA2B95E654003DD4C6 /* VoiceTableViewCell.swift */,
			);
			path = Voice;
			sourceTree = "<group>";
		};
		5C382FDC2B96EF37003DD4C6 /* Models */ = {
			isa = PBXGroup;
			children = (
				5CC28F862BF4A60100089EC7 /* PackingItem */,
				5CF617872BF32B3400CCB297 /* Text */,
				5CF617852BF32B1900CCB297 /* Scene */,
				5CF617862BF32B2200CCB297 /* Vocie */,
			);
			path = Models;
			sourceTree = "<group>";
		};
		5C4BB4652B7B4FAC0045FB28 /* Meme-generate */ = {
			isa = PBXGroup;
			children = (
				5C382FDC2B96EF37003DD4C6 /* Models */,
				5C382FD72B95E5FA003DD4C6 /* Template */,
				5C382FD82B95E61B003DD4C6 /* Scene */,
				5C5536312B8B2967004A3E67 /* SelectViewController.swift */,
				5C382FD92B95E629003DD4C6 /* Voice */,
				5C382FD32B95E49D003DD4C6 /* CheckViewController.swift */,
			);
			path = "Meme-generate";
			sourceTree = "<group>";
		};
		5C83D3572B68D5FC00F34F0B /* Font */ = {
			isa = PBXGroup;
			children = (
				5C4BB47C2B7BD1B40045FB28 /* Pretendard-Bold.otf */,
				5C4BB45D2B7B45B30045FB28 /* BMJUA_otf.otf */,
			);
			path = Font;
			sourceTree = "<group>";
		};
		5C83D3592B68DAA500F34F0B /* View */ = {
			isa = PBXGroup;
			children = (
				5C8E3F512C22A2B900CCB7C2 /* TabBar */,
				5C8C1C142BC6A34400E44813 /* ReusableView */,
				5C8E3F522C22A2CE00CCB7C2 /* Home */,
				5C8E3F532C22A2D500CCB7C2 /* Storage */,
				5C8E3F4B2C216C8800CCB7C2 /* Memes */,
				5C4BB4652B7B4FAC0045FB28 /* Meme-generate */,
				5C25F66E2B74A3EB0038F9AD /* Login */,
			);
			path = View;
			sourceTree = "<group>";
		};
		5C8C1C0A2BC6A1A100E44813 /* Networking */ = {
			isa = PBXGroup;
			children = (
				5CAE24302BC7EF7C00322AC6 /* Foundation */,
				5C8C1C0B2BC6A1C300E44813 /* AuthNetwork */,
			);
			path = Networking;
			sourceTree = "<group>";
		};
		5C8C1C0B2BC6A1C300E44813 /* AuthNetwork */ = {
			isa = PBXGroup;
			children = (
				5C8C1C0E2BC6A1F600E44813 /* AuthModel.swift */,
				5C8C1C102BC6A20500E44813 /* AuthRouter.swift */,
				5C8C1C122BC6A21400E44813 /* AuthService.swift */,
			);
			path = AuthNetwork;
			sourceTree = "<group>";
		};
		5C8C1C142BC6A34400E44813 /* ReusableView */ = {
			isa = PBXGroup;
			children = (
				5C8E3F4C2C22A05F00CCB7C2 /* BaseView.swift */,
			);
			path = ReusableView;
			sourceTree = "<group>";
		};
		5C8E3F4B2C216C8800CCB7C2 /* Memes */ = {
			isa = PBXGroup;
			children = (
				5C4BB46D2B7B55540045FB28 /* MemesViewController.swift */,
				5CE50AE42C23347C000A0CCE /* MemesCollectionViewCell.swift */,
				5CE50AE22C22E378000A0CCE /* VideoPlayerView.swift */,
			);
			path = Memes;
			sourceTree = "<group>";
		};
		5C8E3F4E2C22A1F300CCB7C2 /* Extensions */ = {
			isa = PBXGroup;
			children = (
				5C8E3F4F2C22A22800CCB7C2 /* UITableView+Extension.swift */,
				5C8E3F572C22B00600CCB7C2 /* GradientView.swift */,
			);
			path = Extensions;
			sourceTree = "<group>";
		};
		5C8E3F512C22A2B900CCB7C2 /* TabBar */ = {
			isa = PBXGroup;
			children = (
				5C4BB4672B7B501F0045FB28 /* TabBarViewController.swift */,
			);
			path = TabBar;
			sourceTree = "<group>";
		};
		5C8E3F522C22A2CE00CCB7C2 /* Home */ = {
			isa = PBXGroup;
			children = (
				5C4BB46B2B7B55280045FB28 /* HomeViewController.swift */,
			);
			path = Home;
			sourceTree = "<group>";
		};
		5C8E3F532C22A2D500CCB7C2 /* Storage */ = {
			isa = PBXGroup;
			children = (
				5C4BB46F2B7B55720045FB28 /* StorageViewController.swift */,
				5CC28F8B2BF5AC8900089EC7 /* StorageCollectionViewCell.swift */,
			);
			path = Storage;
			sourceTree = "<group>";
		};
		5CAB5B422B610EA600B2AF59 = {
			isa = PBXGroup;
			children = (
				5CAB5B4D2B610EA600B2AF59 /* Memetory */,
				5CAB5B4C2B610EA600B2AF59 /* Products */,
			);
			sourceTree = "<group>";
		};
		5CAB5B4C2B610EA600B2AF59 /* Products */ = {
			isa = PBXGroup;
			children = (
				5CAB5B4B2B610EA600B2AF59 /* Memetory.app */,
			);
			name = Products;
			sourceTree = "<group>";
		};
		5CAB5B4D2B610EA600B2AF59 /* Memetory */ = {
			isa = PBXGroup;
			children = (
				5CC889BC2BCD0EA30074FFA2 /* Sources */,
				5CAB5B4E2B610EA600B2AF59 /* AppDelegate.swift */,
				5CAB5B502B610EA600B2AF59 /* SceneDelegate.swift */,
				5CE3A18E2BF0A82A001BF120 /* AWS */,
				5C8C1C0A2BC6A1A100E44813 /* Networking */,
				5C83D3592B68DAA500F34F0B /* View */,
				5CAB5B5C2B610EA800B2AF59 /* Info.plist */,
				5CE50AE82C23434D000A0CCE /* dummyVideo01.mp4 */,
				5CE50AE62C23434C000A0CCE /* dummyVideo02.mp4 */,
				5CE50AEE2C235027000A0CCE /* dummyVideo03.mp4 */,
				5CE50AE92C23434D000A0CCE /* video01.mp4 */,
				5CE50AE72C23434D000A0CCE /* video02.mp4 */,
				5CAE24732BC91E4300322AC6 /* Resources */,
			);
			path = Memetory;
			sourceTree = "<group>";
		};
		5CAE24302BC7EF7C00322AC6 /* Foundation */ = {
			isa = PBXGroup;
			children = (
				5CAE246A2BC8043D00322AC6 /* APIContainer.swift */,
				5CAE24642BC803A600322AC6 /* APIEventLogger.swift */,
				5CAE24312BC7EF9D00322AC6 /* BaseRouter.swift */,
				5CAE24332BC7EFAA00322AC6 /* BaseService.swift */,
				5CAE246C2BC804DA00322AC6 /* Constants.swift */,
				5CAE24662BC803EA00322AC6 /* HeaderType.swift */,
				5CAE24682BC8040900322AC6 /* RequestParams.swift */,
				5C9FE6052BE3DD020037EFCD /* Encodable+Extension.swift */,
			);
			path = Foundation;
			sourceTree = "<group>";
		};
		5CAE24732BC91E4300322AC6 /* Resources */ = {
			isa = PBXGroup;
			children = (
				5CAB5B542B610EA600B2AF59 /* Main.storyboard */,
				5CAB5B592B610EA800B2AF59 /* LaunchScreen.storyboard */,
				5CAB5B522B610EA600B2AF59 /* ViewController.swift */,
				5C83D3572B68D5FC00F34F0B /* Font */,
				5CAB5B572B610EA800B2AF59 /* Assets.xcassets */,
			);
			path = Resources;
			sourceTree = "<group>";
		};
		5CC28F862BF4A60100089EC7 /* PackingItem */ = {
			isa = PBXGroup;
			children = (
				5CC28F872BF4A60F00089EC7 /* Member.swift */,
			);
			path = PackingItem;
			sourceTree = "<group>";
		};
		5CC889BC2BCD0EA30074FFA2 /* Sources */ = {
			isa = PBXGroup;
			children = (
				5C8E3F4E2C22A1F300CCB7C2 /* Extensions */,
				5CC889BD2BCD0EB10074FFA2 /* Common */,
			);
			path = Sources;
			sourceTree = "<group>";
		};
		5CC889BD2BCD0EB10074FFA2 /* Common */ = {
			isa = PBXGroup;
			children = (
				5CC889BE2BCD0EDB0074FFA2 /* DataManager.swift */,
				5CC889C02BCD0F060074FFA2 /* SecureDataManager.swift */,
			);
			path = Common;
			sourceTree = "<group>";
		};
		5CE3A18E2BF0A82A001BF120 /* AWS */ = {
			isa = PBXGroup;
			children = (
				5CE3A18F2BF0C6CA001BF120 /* S3Configuration.swift */,
				5C2B97452C20200A000EE2A1 /* Environment.swift */,
				5C2B97472C2022CA000EE2A1 /* S3Manager.swift */,
			);
			path = AWS;
			sourceTree = "<group>";
		};
		5CF617852BF32B1900CCB297 /* Scene */ = {
			isa = PBXGroup;
			children = (
				5C382FDD2B96EF8E003DD4C6 /* Scene.swift */,
			);
			path = Scene;
			sourceTree = "<group>";
		};
		5CF617862BF32B2200CCB297 /* Vocie */ = {
			isa = PBXGroup;
			children = (
				5CF617832BF328FD00CCB297 /* Voice.swift */,
				5CC28F892BF4BFE200089EC7 /* VoiceManager.swift */,
			);
			path = Vocie;
			sourceTree = "<group>";
		};
		5CF617872BF32B3400CCB297 /* Text */ = {
			isa = PBXGroup;
			children = (
			);
			path = Text;
			sourceTree = "<group>";
		};
/* End PBXGroup section */

/* Begin PBXNativeTarget section */
		5CAB5B4A2B610EA600B2AF59 /* Memetory */ = {
			isa = PBXNativeTarget;
			buildConfigurationList = 5CAB5B5F2B610EA800B2AF59 /* Build configuration list for PBXNativeTarget "Memetory" */;
			buildPhases = (
				5CAB5B472B610EA600B2AF59 /* Sources */,
				5CAB5B482B610EA600B2AF59 /* Frameworks */,
				5CAB5B492B610EA600B2AF59 /* Resources */,
			);
			buildRules = (
			);
			dependencies = (
			);
			name = Memetory;
			packageProductDependencies = (
				5CAB5B632B610F5500B2AF59 /* Alamofire */,
				5CAB5B662B6110F600B2AF59 /* SnapKit */,
				5CAE244C2BC7FFCD00322AC6 /* KakaoSDK */,
				5CAE244E2BC7FFCD00322AC6 /* KakaoSDKAuth */,
				5CAE24502BC7FFCD00322AC6 /* KakaoSDKCert */,
				5CAE24522BC7FFCD00322AC6 /* KakaoSDKCertCore */,
				5CAE24542BC7FFCD00322AC6 /* KakaoSDKCommon */,
				5CAE24562BC7FFCD00322AC6 /* KakaoSDKFriend */,
				5CAE24582BC7FFCD00322AC6 /* KakaoSDKFriendCore */,
				5CAE245A2BC7FFCD00322AC6 /* KakaoSDKNavi */,
				5CAE245C2BC7FFCD00322AC6 /* KakaoSDKShare */,
				5CAE245E2BC7FFCD00322AC6 /* KakaoSDKTalk */,
				5CAE24602BC7FFCD00322AC6 /* KakaoSDKTemplate */,
				5CAE24622BC7FFCD00322AC6 /* KakaoSDKUser */,
				5CAE246F2BC91C0400322AC6 /* GoogleSignIn */,
				5CAE24712BC91C0400322AC6 /* GoogleSignInSwift */,
				5CE3A1302BF0A804001BF120 /* AWSAPIGateway */,
				5CE3A1322BF0A804001BF120 /* AWSAppleSignIn */,
				5CE3A1342BF0A804001BF120 /* AWSAuthCore */,
				5CE3A1362BF0A804001BF120 /* AWSAuthUI */,
				5CE3A1382BF0A804001BF120 /* AWSAutoScaling */,
				5CE3A13A2BF0A804001BF120 /* AWSChimeSDKIdentity */,
				5CE3A13C2BF0A804001BF120 /* AWSChimeSDKMessaging */,
				5CE3A13E2BF0A804001BF120 /* AWSCloudWatch */,
				5CE3A1402BF0A804001BF120 /* AWSCognitoAuth */,
				5CE3A1422BF0A804001BF120 /* AWSCognitoIdentityProvider */,
				5CE3A1442BF0A804001BF120 /* AWSCognitoIdentityProviderASF */,
				5CE3A1462BF0A804001BF120 /* AWSComprehend */,
				5CE3A1482BF0A804001BF120 /* AWSConnect */,
				5CE3A14A2BF0A804001BF120 /* AWSConnectParticipant */,
				5CE3A14C2BF0A804001BF120 /* AWSCore */,
				5CE3A14E2BF0A804001BF120 /* AWSDynamoDB */,
				5CE3A1502BF0A804001BF120 /* AWSEC2 */,
				5CE3A1522BF0A804001BF120 /* AWSElasticLoadBalancing */,
				5CE3A1542BF0A804001BF120 /* AWSFacebookSignIn */,
				5CE3A1562BF0A804001BF120 /* AWSGoogleSignIn */,
				5CE3A1582BF0A804001BF120 /* AWSIoT */,
				5CE3A15A2BF0A804001BF120 /* AWSKMS */,
				5CE3A15C2BF0A804001BF120 /* AWSKinesis */,
				5CE3A15E2BF0A804001BF120 /* AWSKinesisVideo */,
				5CE3A1602BF0A804001BF120 /* AWSKinesisVideoArchivedMedia */,
				5CE3A1622BF0A804001BF120 /* AWSKinesisVideoSignaling */,
				5CE3A1642BF0A804001BF120 /* AWSKinesisVideoWebRTCStorage */,
				5CE3A1662BF0A804001BF120 /* AWSLambda */,
				5CE3A1682BF0A804001BF120 /* AWSLex */,
				5CE3A16A2BF0A804001BF120 /* AWSLocationXCF */,
				5CE3A16C2BF0A804001BF120 /* AWSLogs */,
				5CE3A16E2BF0A804001BF120 /* AWSMachineLearning */,
				5CE3A1702BF0A804001BF120 /* AWSMobileClientXCF */,
				5CE3A1722BF0A804001BF120 /* AWSPinpoint */,
				5CE3A1742BF0A804001BF120 /* AWSPolly */,
				5CE3A1762BF0A804001BF120 /* AWSRekognition */,
				5CE3A1782BF0A804001BF120 /* AWSS3 */,
				5CE3A17A2BF0A804001BF120 /* AWSSES */,
				5CE3A17C2BF0A804001BF120 /* AWSSNS */,
				5CE3A17E2BF0A804001BF120 /* AWSSQS */,
				5CE3A1802BF0A804001BF120 /* AWSSageMakerRuntime */,
				5CE3A1822BF0A804001BF120 /* AWSSimpleDB */,
				5CE3A1842BF0A804001BF120 /* AWSTextract */,
				5CE3A1862BF0A804001BF120 /* AWSTranscribe */,
				5CE3A1882BF0A804001BF120 /* AWSTranscribeStreaming */,
				5CE3A18A2BF0A804001BF120 /* AWSTranslate */,
				5CE3A18C2BF0A804001BF120 /* AWSUserPoolsSignIn */,
				5CE50AE02C22C396000A0CCE /* MuxPlayerSwift */,
			);
			productName = Memetory;
			productReference = 5CAB5B4B2B610EA600B2AF59 /* Memetory.app */;
			productType = "com.apple.product-type.application";
		};
/* End PBXNativeTarget section */

/* Begin PBXProject section */
		5CAB5B432B610EA600B2AF59 /* Project object */ = {
			isa = PBXProject;
			attributes = {
				BuildIndependentTargetsInParallel = 1;
				LastSwiftUpdateCheck = 1430;
				LastUpgradeCheck = 1430;
				TargetAttributes = {
					5CAB5B4A2B610EA600B2AF59 = {
						CreatedOnToolsVersion = 14.3.1;
					};
				};
			};
			buildConfigurationList = 5CAB5B462B610EA600B2AF59 /* Build configuration list for PBXProject "Memetory" */;
			compatibilityVersion = "Xcode 14.0";
			developmentRegion = en;
			hasScannedForEncodings = 0;
			knownRegions = (
				en,
				Base,
			);
			mainGroup = 5CAB5B422B610EA600B2AF59;
			packageReferences = (
				5CAB5B622B610F5500B2AF59 /* XCRemoteSwiftPackageReference "Alamofire" */,
				5CAB5B652B6110F500B2AF59 /* XCRemoteSwiftPackageReference "SnapKit" */,
				5CAE244B2BC7FFCD00322AC6 /* XCRemoteSwiftPackageReference "kakao-ios-sdk" */,
				5CAE246E2BC91C0400322AC6 /* XCRemoteSwiftPackageReference "GoogleSignIn-iOS" */,
				5CE3A12F2BF0A804001BF120 /* XCRemoteSwiftPackageReference "aws-sdk-ios-spm" */,
				5CE50ADF2C22C396000A0CCE /* XCRemoteSwiftPackageReference "mux-player-swift" */,
			);
			productRefGroup = 5CAB5B4C2B610EA600B2AF59 /* Products */;
			projectDirPath = "";
			projectRoot = "";
			targets = (
				5CAB5B4A2B610EA600B2AF59 /* Memetory */,
			);
		};
/* End PBXProject section */

/* Begin PBXResourcesBuildPhase section */
		5CAB5B492B610EA600B2AF59 /* Resources */ = {
			isa = PBXResourcesBuildPhase;
			buildActionMask = 2147483647;
			files = (
				5CAB5B5B2B610EA800B2AF59 /* LaunchScreen.storyboard in Resources */,
				5C4BB47D2B7BD1B40045FB28 /* Pretendard-Bold.otf in Resources */,
				5CE50AEA2C23434D000A0CCE /* dummyVideo02.mp4 in Resources */,
				5CE50AEC2C23434D000A0CCE /* dummyVideo01.mp4 in Resources */,
				5CE50AEB2C23434D000A0CCE /* video02.mp4 in Resources */,
				5CAB5B582B610EA800B2AF59 /* Assets.xcassets in Resources */,
				5CAB5B562B610EA600B2AF59 /* Main.storyboard in Resources */,
				5CE50AEF2C235027000A0CCE /* dummyVideo03.mp4 in Resources */,
				5C4BB4642B7B495A0045FB28 /* BMJUA_otf.otf in Resources */,
				5CE50AED2C23434D000A0CCE /* video01.mp4 in Resources */,
			);
			runOnlyForDeploymentPostprocessing = 0;
		};
/* End PBXResourcesBuildPhase section */

/* Begin PBXSourcesBuildPhase section */
		5CAB5B472B610EA600B2AF59 /* Sources */ = {
			isa = PBXSourcesBuildPhase;
			buildActionMask = 2147483647;
			files = (
				5CE3A12E2BEFD453001BF120 /* MainTemplateCollectionViewCell.swift in Sources */,
				5C4BB4722B7B58AF0045FB28 /* GenerateViewController.swift in Sources */,
				5CC889BF2BCD0EDB0074FFA2 /* DataManager.swift in Sources */,
				5C2B97482C2022CA000EE2A1 /* S3Manager.swift in Sources */,
				5CC889C12BCD0F060074FFA2 /* SecureDataManager.swift in Sources */,
				5C83D35B2B68DABC00F34F0B /* LoginViewController.swift in Sources */,
				5C25F6712B74A4280038F9AD /* OnboardingViewController.swift in Sources */,
				5CE3A1902BF0C6CA001BF120 /* S3Configuration.swift in Sources */,
				5C382FD22B95B093003DD4C6 /* TemplateCollectionViewCell.swift in Sources */,
				5C382FD62B95E4BC003DD4C6 /* VoiceSelectViewController.swift in Sources */,
				5C4BB4702B7B55720045FB28 /* StorageViewController.swift in Sources */,
				5CAE24672BC803EA00322AC6 /* HeaderType.swift in Sources */,
				5C25F6752B74AA6B0038F9AD /* OnboardingDataModel.swift in Sources */,
				5CC28F8A2BF4BFE200089EC7 /* VoiceManager.swift in Sources */,
				5CAE246B2BC8043E00322AC6 /* APIContainer.swift in Sources */,
				5CC28F8C2BF5AC8900089EC7 /* StorageCollectionViewCell.swift in Sources */,
				5CAE246D2BC804DA00322AC6 /* Constants.swift in Sources */,
				5C8E3F502C22A22800CCB7C2 /* UITableView+Extension.swift in Sources */,
				5CC4BADD2B68E3DD00A2D259 /* NickNameSetViewController.swift in Sources */,
				5C4BB4682B7B501F0045FB28 /* TabBarViewController.swift in Sources */,
				5CAB5B532B610EA600B2AF59 /* ViewController.swift in Sources */,
				5CAB5B4F2B610EA600B2AF59 /* AppDelegate.swift in Sources */,
				5C382FDB2B95E654003DD4C6 /* VoiceTableViewCell.swift in Sources */,
				5CC28F882BF4A60F00089EC7 /* Member.swift in Sources */,
				5C4BB46C2B7B55280045FB28 /* HomeViewController.swift in Sources */,
				5C25F6732B74A6530038F9AD /* OnboardingCollectionViewCell.swift in Sources */,
				5C382FD42B95E49D003DD4C6 /* CheckViewController.swift in Sources */,
				5C8C1C132BC6A21400E44813 /* AuthService.swift in Sources */,
				5CC28F8E2BF5BEDF00089EC7 /* LoadingView.swift in Sources */,
				5CAB5B512B610EA600B2AF59 /* SceneDelegate.swift in Sources */,
				5C4BB46E2B7B55540045FB28 /* MemesViewController.swift in Sources */,
				5CAE24652BC803A600322AC6 /* APIEventLogger.swift in Sources */,
				5C8C1C112BC6A20500E44813 /* AuthRouter.swift in Sources */,
				5CAE24692BC8040900322AC6 /* RequestParams.swift in Sources */,
				5C4BB4742B7B5E300045FB28 /* TemplateTableViewCell.swift in Sources */,
				5C2B97462C20200A000EE2A1 /* Environment.swift in Sources */,
				5CAE24342BC7EFAA00322AC6 /* BaseService.swift in Sources */,
				5C4BB4762B7B62D30045FB28 /* TemSelectViewController.swift in Sources */,
				5C8E3F582C22B00600CCB7C2 /* GradientView.swift in Sources */,
				5CC28F902BF5C02F00089EC7 /* LoadingViewController.swift in Sources */,
				5CF617842BF328FD00CCB297 /* Voice.swift in Sources */,
				5C9FE6062BE3DD020037EFCD /* Encodable+Extension.swift in Sources */,
				5C382FDE2B96EF8E003DD4C6 /* Scene.swift in Sources */,
				5CAE24322BC7EF9D00322AC6 /* BaseRouter.swift in Sources */,
				5C8E3F4D2C22A05F00CCB7C2 /* BaseView.swift in Sources */,
				5CE50AE52C23347C000A0CCE /* MemesCollectionViewCell.swift in Sources */,
				5C5536322B8B2967004A3E67 /* SelectViewController.swift in Sources */,
				5C8C1C0F2BC6A1F600E44813 /* AuthModel.swift in Sources */,
				5CE50AE32C22E378000A0CCE /* VideoPlayerView.swift in Sources */,
			);
			runOnlyForDeploymentPostprocessing = 0;
		};
/* End PBXSourcesBuildPhase section */

/* Begin PBXVariantGroup section */
		5CAB5B542B610EA600B2AF59 /* Main.storyboard */ = {
			isa = PBXVariantGroup;
			children = (
				5CAB5B552B610EA600B2AF59 /* Base */,
			);
			name = Main.storyboard;
			sourceTree = "<group>";
		};
		5CAB5B592B610EA800B2AF59 /* LaunchScreen.storyboard */ = {
			isa = PBXVariantGroup;
			children = (
				5CAB5B5A2B610EA800B2AF59 /* Base */,
			);
			name = LaunchScreen.storyboard;
			sourceTree = "<group>";
		};
/* End PBXVariantGroup section */

/* Begin XCBuildConfiguration section */
		5CAB5B5D2B610EA800B2AF59 /* Debug */ = {
			isa = XCBuildConfiguration;
			buildSettings = {
				ALWAYS_SEARCH_USER_PATHS = NO;
				CLANG_ANALYZER_NONNULL = YES;
				CLANG_ANALYZER_NUMBER_OBJECT_CONVERSION = YES_AGGRESSIVE;
				CLANG_CXX_LANGUAGE_STANDARD = "gnu++20";
				CLANG_ENABLE_MODULES = YES;
				CLANG_ENABLE_OBJC_ARC = YES;
				CLANG_ENABLE_OBJC_WEAK = YES;
				CLANG_WARN_BLOCK_CAPTURE_AUTORELEASING = YES;
				CLANG_WARN_BOOL_CONVERSION = YES;
				CLANG_WARN_COMMA = YES;
				CLANG_WARN_CONSTANT_CONVERSION = YES;
				CLANG_WARN_DEPRECATED_OBJC_IMPLEMENTATIONS = YES;
				CLANG_WARN_DIRECT_OBJC_ISA_USAGE = YES_ERROR;
				CLANG_WARN_DOCUMENTATION_COMMENTS = YES;
				CLANG_WARN_EMPTY_BODY = YES;
				CLANG_WARN_ENUM_CONVERSION = YES;
				CLANG_WARN_INFINITE_RECURSION = YES;
				CLANG_WARN_INT_CONVERSION = YES;
				CLANG_WARN_NON_LITERAL_NULL_CONVERSION = YES;
				CLANG_WARN_OBJC_IMPLICIT_RETAIN_SELF = YES;
				CLANG_WARN_OBJC_LITERAL_CONVERSION = YES;
				CLANG_WARN_OBJC_ROOT_CLASS = YES_ERROR;
				CLANG_WARN_QUOTED_INCLUDE_IN_FRAMEWORK_HEADER = YES;
				CLANG_WARN_RANGE_LOOP_ANALYSIS = YES;
				CLANG_WARN_STRICT_PROTOTYPES = YES;
				CLANG_WARN_SUSPICIOUS_MOVE = YES;
				CLANG_WARN_UNGUARDED_AVAILABILITY = YES_AGGRESSIVE;
				CLANG_WARN_UNREACHABLE_CODE = YES;
				CLANG_WARN__DUPLICATE_METHOD_MATCH = YES;
				COPY_PHASE_STRIP = NO;
				DEBUG_INFORMATION_FORMAT = dwarf;
				ENABLE_STRICT_OBJC_MSGSEND = YES;
				ENABLE_TESTABILITY = YES;
				GCC_C_LANGUAGE_STANDARD = gnu11;
				GCC_DYNAMIC_NO_PIC = NO;
				GCC_NO_COMMON_BLOCKS = YES;
				GCC_OPTIMIZATION_LEVEL = 0;
				GCC_PREPROCESSOR_DEFINITIONS = (
					"DEBUG=1",
					"$(inherited)",
				);
				GCC_WARN_64_TO_32_BIT_CONVERSION = YES;
				GCC_WARN_ABOUT_RETURN_TYPE = YES_ERROR;
				GCC_WARN_UNDECLARED_SELECTOR = YES;
				GCC_WARN_UNINITIALIZED_AUTOS = YES_AGGRESSIVE;
				GCC_WARN_UNUSED_FUNCTION = YES;
				GCC_WARN_UNUSED_VARIABLE = YES;
				IPHONEOS_DEPLOYMENT_TARGET = 16.4;
				MTL_ENABLE_DEBUG_INFO = INCLUDE_SOURCE;
				MTL_FAST_MATH = YES;
				ONLY_ACTIVE_ARCH = YES;
				SDKROOT = iphoneos;
				SWIFT_ACTIVE_COMPILATION_CONDITIONS = DEBUG;
				SWIFT_OPTIMIZATION_LEVEL = "-Onone";
			};
			name = Debug;
		};
		5CAB5B5E2B610EA800B2AF59 /* Release */ = {
			isa = XCBuildConfiguration;
			buildSettings = {
				ALWAYS_SEARCH_USER_PATHS = NO;
				CLANG_ANALYZER_NONNULL = YES;
				CLANG_ANALYZER_NUMBER_OBJECT_CONVERSION = YES_AGGRESSIVE;
				CLANG_CXX_LANGUAGE_STANDARD = "gnu++20";
				CLANG_ENABLE_MODULES = YES;
				CLANG_ENABLE_OBJC_ARC = YES;
				CLANG_ENABLE_OBJC_WEAK = YES;
				CLANG_WARN_BLOCK_CAPTURE_AUTORELEASING = YES;
				CLANG_WARN_BOOL_CONVERSION = YES;
				CLANG_WARN_COMMA = YES;
				CLANG_WARN_CONSTANT_CONVERSION = YES;
				CLANG_WARN_DEPRECATED_OBJC_IMPLEMENTATIONS = YES;
				CLANG_WARN_DIRECT_OBJC_ISA_USAGE = YES_ERROR;
				CLANG_WARN_DOCUMENTATION_COMMENTS = YES;
				CLANG_WARN_EMPTY_BODY = YES;
				CLANG_WARN_ENUM_CONVERSION = YES;
				CLANG_WARN_INFINITE_RECURSION = YES;
				CLANG_WARN_INT_CONVERSION = YES;
				CLANG_WARN_NON_LITERAL_NULL_CONVERSION = YES;
				CLANG_WARN_OBJC_IMPLICIT_RETAIN_SELF = YES;
				CLANG_WARN_OBJC_LITERAL_CONVERSION = YES;
				CLANG_WARN_OBJC_ROOT_CLASS = YES_ERROR;
				CLANG_WARN_QUOTED_INCLUDE_IN_FRAMEWORK_HEADER = YES;
				CLANG_WARN_RANGE_LOOP_ANALYSIS = YES;
				CLANG_WARN_STRICT_PROTOTYPES = YES;
				CLANG_WARN_SUSPICIOUS_MOVE = YES;
				CLANG_WARN_UNGUARDED_AVAILABILITY = YES_AGGRESSIVE;
				CLANG_WARN_UNREACHABLE_CODE = YES;
				CLANG_WARN__DUPLICATE_METHOD_MATCH = YES;
				COPY_PHASE_STRIP = NO;
				DEBUG_INFORMATION_FORMAT = "dwarf-with-dsym";
				ENABLE_NS_ASSERTIONS = NO;
				ENABLE_STRICT_OBJC_MSGSEND = YES;
				GCC_C_LANGUAGE_STANDARD = gnu11;
				GCC_NO_COMMON_BLOCKS = YES;
				GCC_WARN_64_TO_32_BIT_CONVERSION = YES;
				GCC_WARN_ABOUT_RETURN_TYPE = YES_ERROR;
				GCC_WARN_UNDECLARED_SELECTOR = YES;
				GCC_WARN_UNINITIALIZED_AUTOS = YES_AGGRESSIVE;
				GCC_WARN_UNUSED_FUNCTION = YES;
				GCC_WARN_UNUSED_VARIABLE = YES;
				IPHONEOS_DEPLOYMENT_TARGET = 16.4;
				MTL_ENABLE_DEBUG_INFO = NO;
				MTL_FAST_MATH = YES;
				SDKROOT = iphoneos;
				SWIFT_COMPILATION_MODE = wholemodule;
				SWIFT_OPTIMIZATION_LEVEL = "-O";
				VALIDATE_PRODUCT = YES;
			};
			name = Release;
		};
		5CAB5B602B610EA800B2AF59 /* Debug */ = {
			isa = XCBuildConfiguration;
			buildSettings = {
				ASSETCATALOG_COMPILER_APPICON_NAME = AppIcon;
				ASSETCATALOG_COMPILER_GLOBAL_ACCENT_COLOR_NAME = AccentColor;
				CODE_SIGN_ENTITLEMENTS = "";
				CODE_SIGN_STYLE = Automatic;
				CURRENT_PROJECT_VERSION = 1;
				DEVELOPMENT_TEAM = D8KHM6Q8SA;
				GENERATE_INFOPLIST_FILE = YES;
				INFOPLIST_FILE = Memetory/Info.plist;
				INFOPLIST_KEY_NSMicrophoneUsageDescription = "Use mic to record";
				INFOPLIST_KEY_NSPhotoLibraryUsageDescription = "\"사진 라이브러리에 접근하여 음성 파일을 선택합니다.\"";
				INFOPLIST_KEY_UIApplicationSupportsIndirectInputEvents = YES;
				INFOPLIST_KEY_UILaunchStoryboardName = LaunchScreen;
				INFOPLIST_KEY_UIMainStoryboardFile = Main;
				INFOPLIST_KEY_UISupportedInterfaceOrientations_iPad = "UIInterfaceOrientationPortrait UIInterfaceOrientationPortraitUpsideDown UIInterfaceOrientationLandscapeLeft UIInterfaceOrientationLandscapeRight";
				INFOPLIST_KEY_UISupportedInterfaceOrientations_iPhone = "UIInterfaceOrientationPortrait UIInterfaceOrientationLandscapeLeft UIInterfaceOrientationLandscapeRight";
				LD_RUNPATH_SEARCH_PATHS = (
					"$(inherited)",
					"@executable_path/Frameworks",
				);
				MARKETING_VERSION = 1.0;
				PRODUCT_BUNDLE_IDENTIFIER = kr.ac.tukorea.ios.seunge.Memetory;
				PRODUCT_NAME = "$(TARGET_NAME)";
				SWIFT_EMIT_LOC_STRINGS = YES;
				SWIFT_VERSION = 5.0;
				TARGETED_DEVICE_FAMILY = "1,2";
			};
			name = Debug;
		};
		5CAB5B612B610EA800B2AF59 /* Release */ = {
			isa = XCBuildConfiguration;
			buildSettings = {
				ASSETCATALOG_COMPILER_APPICON_NAME = AppIcon;
				ASSETCATALOG_COMPILER_GLOBAL_ACCENT_COLOR_NAME = AccentColor;
				CODE_SIGN_ENTITLEMENTS = "";
				CODE_SIGN_STYLE = Automatic;
				CURRENT_PROJECT_VERSION = 1;
				DEVELOPMENT_TEAM = D8KHM6Q8SA;
				GENERATE_INFOPLIST_FILE = YES;
				INFOPLIST_FILE = Memetory/Info.plist;
				INFOPLIST_KEY_NSMicrophoneUsageDescription = "Use mic to record";
				INFOPLIST_KEY_NSPhotoLibraryUsageDescription = "\"사진 라이브러리에 접근하여 음성 파일을 선택합니다.\"";
				INFOPLIST_KEY_UIApplicationSupportsIndirectInputEvents = YES;
				INFOPLIST_KEY_UILaunchStoryboardName = LaunchScreen;
				INFOPLIST_KEY_UIMainStoryboardFile = Main;
				INFOPLIST_KEY_UISupportedInterfaceOrientations_iPad = "UIInterfaceOrientationPortrait UIInterfaceOrientationPortraitUpsideDown UIInterfaceOrientationLandscapeLeft UIInterfaceOrientationLandscapeRight";
				INFOPLIST_KEY_UISupportedInterfaceOrientations_iPhone = "UIInterfaceOrientationPortrait UIInterfaceOrientationLandscapeLeft UIInterfaceOrientationLandscapeRight";
				LD_RUNPATH_SEARCH_PATHS = (
					"$(inherited)",
					"@executable_path/Frameworks",
				);
				MARKETING_VERSION = 1.0;
				PRODUCT_BUNDLE_IDENTIFIER = kr.ac.tukorea.ios.seunge.Memetory;
				PRODUCT_NAME = "$(TARGET_NAME)";
				SWIFT_EMIT_LOC_STRINGS = YES;
				SWIFT_VERSION = 5.0;
				TARGETED_DEVICE_FAMILY = "1,2";
			};
			name = Release;
		};
/* End XCBuildConfiguration section */

/* Begin XCConfigurationList section */
		5CAB5B462B610EA600B2AF59 /* Build configuration list for PBXProject "Memetory" */ = {
			isa = XCConfigurationList;
			buildConfigurations = (
				5CAB5B5D2B610EA800B2AF59 /* Debug */,
				5CAB5B5E2B610EA800B2AF59 /* Release */,
			);
			defaultConfigurationIsVisible = 0;
			defaultConfigurationName = Release;
		};
		5CAB5B5F2B610EA800B2AF59 /* Build configuration list for PBXNativeTarget "Memetory" */ = {
			isa = XCConfigurationList;
			buildConfigurations = (
				5CAB5B602B610EA800B2AF59 /* Debug */,
				5CAB5B612B610EA800B2AF59 /* Release */,
			);
			defaultConfigurationIsVisible = 0;
			defaultConfigurationName = Release;
		};
/* End XCConfigurationList section */

/* Begin XCRemoteSwiftPackageReference section */
		5CAB5B622B610F5500B2AF59 /* XCRemoteSwiftPackageReference "Alamofire" */ = {
			isa = XCRemoteSwiftPackageReference;
			repositoryURL = "https://github.com/Alamofire/Alamofire";
			requirement = {
				kind = upToNextMajorVersion;
				minimumVersion = 5.8.1;
			};
		};
		5CAB5B652B6110F500B2AF59 /* XCRemoteSwiftPackageReference "SnapKit" */ = {
			isa = XCRemoteSwiftPackageReference;
			repositoryURL = "https://github.com/SnapKit/SnapKit.git";
			requirement = {
				kind = upToNextMajorVersion;
				minimumVersion = 5.0.1;
			};
		};
		5CAE244B2BC7FFCD00322AC6 /* XCRemoteSwiftPackageReference "kakao-ios-sdk" */ = {
			isa = XCRemoteSwiftPackageReference;
			repositoryURL = "https://github.com/kakao/kakao-ios-sdk";
			requirement = {
				kind = upToNextMajorVersion;
				minimumVersion = 2.22.0;
			};
		};
		5CAE246E2BC91C0400322AC6 /* XCRemoteSwiftPackageReference "GoogleSignIn-iOS" */ = {
			isa = XCRemoteSwiftPackageReference;
			repositoryURL = "https://github.com/google/GoogleSignIn-iOS";
			requirement = {
				kind = upToNextMajorVersion;
				minimumVersion = 7.1.0;
			};
		};
		5CE3A12F2BF0A804001BF120 /* XCRemoteSwiftPackageReference "aws-sdk-ios-spm" */ = {
			isa = XCRemoteSwiftPackageReference;
			repositoryURL = "https://github.com/aws-amplify/aws-sdk-ios-spm";
			requirement = {
				kind = upToNextMajorVersion;
				minimumVersion = 2.36.1;
			};
		};
		5CE50ADF2C22C396000A0CCE /* XCRemoteSwiftPackageReference "mux-player-swift" */ = {
			isa = XCRemoteSwiftPackageReference;
			repositoryURL = "https://github.com/muxinc/mux-player-swift";
			requirement = {
				branch = main;
				kind = branch;
			};
		};
/* End XCRemoteSwiftPackageReference section */

/* Begin XCSwiftPackageProductDependency section */
		5CAB5B632B610F5500B2AF59 /* Alamofire */ = {
			isa = XCSwiftPackageProductDependency;
			package = 5CAB5B622B610F5500B2AF59 /* XCRemoteSwiftPackageReference "Alamofire" */;
			productName = Alamofire;
		};
		5CAB5B662B6110F600B2AF59 /* SnapKit */ = {
			isa = XCSwiftPackageProductDependency;
			package = 5CAB5B652B6110F500B2AF59 /* XCRemoteSwiftPackageReference "SnapKit" */;
			productName = SnapKit;
		};
		5CAE244C2BC7FFCD00322AC6 /* KakaoSDK */ = {
			isa = XCSwiftPackageProductDependency;
			package = 5CAE244B2BC7FFCD00322AC6 /* XCRemoteSwiftPackageReference "kakao-ios-sdk" */;
			productName = KakaoSDK;
		};
		5CAE244E2BC7FFCD00322AC6 /* KakaoSDKAuth */ = {
			isa = XCSwiftPackageProductDependency;
			package = 5CAE244B2BC7FFCD00322AC6 /* XCRemoteSwiftPackageReference "kakao-ios-sdk" */;
			productName = KakaoSDKAuth;
		};
		5CAE24502BC7FFCD00322AC6 /* KakaoSDKCert */ = {
			isa = XCSwiftPackageProductDependency;
			package = 5CAE244B2BC7FFCD00322AC6 /* XCRemoteSwiftPackageReference "kakao-ios-sdk" */;
			productName = KakaoSDKCert;
		};
		5CAE24522BC7FFCD00322AC6 /* KakaoSDKCertCore */ = {
			isa = XCSwiftPackageProductDependency;
			package = 5CAE244B2BC7FFCD00322AC6 /* XCRemoteSwiftPackageReference "kakao-ios-sdk" */;
			productName = KakaoSDKCertCore;
		};
		5CAE24542BC7FFCD00322AC6 /* KakaoSDKCommon */ = {
			isa = XCSwiftPackageProductDependency;
			package = 5CAE244B2BC7FFCD00322AC6 /* XCRemoteSwiftPackageReference "kakao-ios-sdk" */;
			productName = KakaoSDKCommon;
		};
		5CAE24562BC7FFCD00322AC6 /* KakaoSDKFriend */ = {
			isa = XCSwiftPackageProductDependency;
			package = 5CAE244B2BC7FFCD00322AC6 /* XCRemoteSwiftPackageReference "kakao-ios-sdk" */;
			productName = KakaoSDKFriend;
		};
		5CAE24582BC7FFCD00322AC6 /* KakaoSDKFriendCore */ = {
			isa = XCSwiftPackageProductDependency;
			package = 5CAE244B2BC7FFCD00322AC6 /* XCRemoteSwiftPackageReference "kakao-ios-sdk" */;
			productName = KakaoSDKFriendCore;
		};
		5CAE245A2BC7FFCD00322AC6 /* KakaoSDKNavi */ = {
			isa = XCSwiftPackageProductDependency;
			package = 5CAE244B2BC7FFCD00322AC6 /* XCRemoteSwiftPackageReference "kakao-ios-sdk" */;
			productName = KakaoSDKNavi;
		};
		5CAE245C2BC7FFCD00322AC6 /* KakaoSDKShare */ = {
			isa = XCSwiftPackageProductDependency;
			package = 5CAE244B2BC7FFCD00322AC6 /* XCRemoteSwiftPackageReference "kakao-ios-sdk" */;
			productName = KakaoSDKShare;
		};
		5CAE245E2BC7FFCD00322AC6 /* KakaoSDKTalk */ = {
			isa = XCSwiftPackageProductDependency;
			package = 5CAE244B2BC7FFCD00322AC6 /* XCRemoteSwiftPackageReference "kakao-ios-sdk" */;
			productName = KakaoSDKTalk;
		};
		5CAE24602BC7FFCD00322AC6 /* KakaoSDKTemplate */ = {
			isa = XCSwiftPackageProductDependency;
			package = 5CAE244B2BC7FFCD00322AC6 /* XCRemoteSwiftPackageReference "kakao-ios-sdk" */;
			productName = KakaoSDKTemplate;
		};
		5CAE24622BC7FFCD00322AC6 /* KakaoSDKUser */ = {
			isa = XCSwiftPackageProductDependency;
			package = 5CAE244B2BC7FFCD00322AC6 /* XCRemoteSwiftPackageReference "kakao-ios-sdk" */;
			productName = KakaoSDKUser;
		};
		5CAE246F2BC91C0400322AC6 /* GoogleSignIn */ = {
			isa = XCSwiftPackageProductDependency;
			package = 5CAE246E2BC91C0400322AC6 /* XCRemoteSwiftPackageReference "GoogleSignIn-iOS" */;
			productName = GoogleSignIn;
		};
		5CAE24712BC91C0400322AC6 /* GoogleSignInSwift */ = {
			isa = XCSwiftPackageProductDependency;
			package = 5CAE246E2BC91C0400322AC6 /* XCRemoteSwiftPackageReference "GoogleSignIn-iOS" */;
			productName = GoogleSignInSwift;
		};
		5CE3A1302BF0A804001BF120 /* AWSAPIGateway */ = {
			isa = XCSwiftPackageProductDependency;
			package = 5CE3A12F2BF0A804001BF120 /* XCRemoteSwiftPackageReference "aws-sdk-ios-spm" */;
			productName = AWSAPIGateway;
		};
		5CE3A1322BF0A804001BF120 /* AWSAppleSignIn */ = {
			isa = XCSwiftPackageProductDependency;
			package = 5CE3A12F2BF0A804001BF120 /* XCRemoteSwiftPackageReference "aws-sdk-ios-spm" */;
			productName = AWSAppleSignIn;
		};
		5CE3A1342BF0A804001BF120 /* AWSAuthCore */ = {
			isa = XCSwiftPackageProductDependency;
			package = 5CE3A12F2BF0A804001BF120 /* XCRemoteSwiftPackageReference "aws-sdk-ios-spm" */;
			productName = AWSAuthCore;
		};
		5CE3A1362BF0A804001BF120 /* AWSAuthUI */ = {
			isa = XCSwiftPackageProductDependency;
			package = 5CE3A12F2BF0A804001BF120 /* XCRemoteSwiftPackageReference "aws-sdk-ios-spm" */;
			productName = AWSAuthUI;
		};
		5CE3A1382BF0A804001BF120 /* AWSAutoScaling */ = {
			isa = XCSwiftPackageProductDependency;
			package = 5CE3A12F2BF0A804001BF120 /* XCRemoteSwiftPackageReference "aws-sdk-ios-spm" */;
			productName = AWSAutoScaling;
		};
		5CE3A13A2BF0A804001BF120 /* AWSChimeSDKIdentity */ = {
			isa = XCSwiftPackageProductDependency;
			package = 5CE3A12F2BF0A804001BF120 /* XCRemoteSwiftPackageReference "aws-sdk-ios-spm" */;
			productName = AWSChimeSDKIdentity;
		};
		5CE3A13C2BF0A804001BF120 /* AWSChimeSDKMessaging */ = {
			isa = XCSwiftPackageProductDependency;
			package = 5CE3A12F2BF0A804001BF120 /* XCRemoteSwiftPackageReference "aws-sdk-ios-spm" */;
			productName = AWSChimeSDKMessaging;
		};
		5CE3A13E2BF0A804001BF120 /* AWSCloudWatch */ = {
			isa = XCSwiftPackageProductDependency;
			package = 5CE3A12F2BF0A804001BF120 /* XCRemoteSwiftPackageReference "aws-sdk-ios-spm" */;
			productName = AWSCloudWatch;
		};
		5CE3A1402BF0A804001BF120 /* AWSCognitoAuth */ = {
			isa = XCSwiftPackageProductDependency;
			package = 5CE3A12F2BF0A804001BF120 /* XCRemoteSwiftPackageReference "aws-sdk-ios-spm" */;
			productName = AWSCognitoAuth;
		};
		5CE3A1422BF0A804001BF120 /* AWSCognitoIdentityProvider */ = {
			isa = XCSwiftPackageProductDependency;
			package = 5CE3A12F2BF0A804001BF120 /* XCRemoteSwiftPackageReference "aws-sdk-ios-spm" */;
			productName = AWSCognitoIdentityProvider;
		};
		5CE3A1442BF0A804001BF120 /* AWSCognitoIdentityProviderASF */ = {
			isa = XCSwiftPackageProductDependency;
			package = 5CE3A12F2BF0A804001BF120 /* XCRemoteSwiftPackageReference "aws-sdk-ios-spm" */;
			productName = AWSCognitoIdentityProviderASF;
		};
		5CE3A1462BF0A804001BF120 /* AWSComprehend */ = {
			isa = XCSwiftPackageProductDependency;
			package = 5CE3A12F2BF0A804001BF120 /* XCRemoteSwiftPackageReference "aws-sdk-ios-spm" */;
			productName = AWSComprehend;
		};
		5CE3A1482BF0A804001BF120 /* AWSConnect */ = {
			isa = XCSwiftPackageProductDependency;
			package = 5CE3A12F2BF0A804001BF120 /* XCRemoteSwiftPackageReference "aws-sdk-ios-spm" */;
			productName = AWSConnect;
		};
		5CE3A14A2BF0A804001BF120 /* AWSConnectParticipant */ = {
			isa = XCSwiftPackageProductDependency;
			package = 5CE3A12F2BF0A804001BF120 /* XCRemoteSwiftPackageReference "aws-sdk-ios-spm" */;
			productName = AWSConnectParticipant;
		};
		5CE3A14C2BF0A804001BF120 /* AWSCore */ = {
			isa = XCSwiftPackageProductDependency;
			package = 5CE3A12F2BF0A804001BF120 /* XCRemoteSwiftPackageReference "aws-sdk-ios-spm" */;
			productName = AWSCore;
		};
		5CE3A14E2BF0A804001BF120 /* AWSDynamoDB */ = {
			isa = XCSwiftPackageProductDependency;
			package = 5CE3A12F2BF0A804001BF120 /* XCRemoteSwiftPackageReference "aws-sdk-ios-spm" */;
			productName = AWSDynamoDB;
		};
		5CE3A1502BF0A804001BF120 /* AWSEC2 */ = {
			isa = XCSwiftPackageProductDependency;
			package = 5CE3A12F2BF0A804001BF120 /* XCRemoteSwiftPackageReference "aws-sdk-ios-spm" */;
			productName = AWSEC2;
		};
		5CE3A1522BF0A804001BF120 /* AWSElasticLoadBalancing */ = {
			isa = XCSwiftPackageProductDependency;
			package = 5CE3A12F2BF0A804001BF120 /* XCRemoteSwiftPackageReference "aws-sdk-ios-spm" */;
			productName = AWSElasticLoadBalancing;
		};
		5CE3A1542BF0A804001BF120 /* AWSFacebookSignIn */ = {
			isa = XCSwiftPackageProductDependency;
			package = 5CE3A12F2BF0A804001BF120 /* XCRemoteSwiftPackageReference "aws-sdk-ios-spm" */;
			productName = AWSFacebookSignIn;
		};
		5CE3A1562BF0A804001BF120 /* AWSGoogleSignIn */ = {
			isa = XCSwiftPackageProductDependency;
			package = 5CE3A12F2BF0A804001BF120 /* XCRemoteSwiftPackageReference "aws-sdk-ios-spm" */;
			productName = AWSGoogleSignIn;
		};
		5CE3A1582BF0A804001BF120 /* AWSIoT */ = {
			isa = XCSwiftPackageProductDependency;
			package = 5CE3A12F2BF0A804001BF120 /* XCRemoteSwiftPackageReference "aws-sdk-ios-spm" */;
			productName = AWSIoT;
		};
		5CE3A15A2BF0A804001BF120 /* AWSKMS */ = {
			isa = XCSwiftPackageProductDependency;
			package = 5CE3A12F2BF0A804001BF120 /* XCRemoteSwiftPackageReference "aws-sdk-ios-spm" */;
			productName = AWSKMS;
		};
		5CE3A15C2BF0A804001BF120 /* AWSKinesis */ = {
			isa = XCSwiftPackageProductDependency;
			package = 5CE3A12F2BF0A804001BF120 /* XCRemoteSwiftPackageReference "aws-sdk-ios-spm" */;
			productName = AWSKinesis;
		};
		5CE3A15E2BF0A804001BF120 /* AWSKinesisVideo */ = {
			isa = XCSwiftPackageProductDependency;
			package = 5CE3A12F2BF0A804001BF120 /* XCRemoteSwiftPackageReference "aws-sdk-ios-spm" */;
			productName = AWSKinesisVideo;
		};
		5CE3A1602BF0A804001BF120 /* AWSKinesisVideoArchivedMedia */ = {
			isa = XCSwiftPackageProductDependency;
			package = 5CE3A12F2BF0A804001BF120 /* XCRemoteSwiftPackageReference "aws-sdk-ios-spm" */;
			productName = AWSKinesisVideoArchivedMedia;
		};
		5CE3A1622BF0A804001BF120 /* AWSKinesisVideoSignaling */ = {
			isa = XCSwiftPackageProductDependency;
			package = 5CE3A12F2BF0A804001BF120 /* XCRemoteSwiftPackageReference "aws-sdk-ios-spm" */;
			productName = AWSKinesisVideoSignaling;
		};
		5CE3A1642BF0A804001BF120 /* AWSKinesisVideoWebRTCStorage */ = {
			isa = XCSwiftPackageProductDependency;
			package = 5CE3A12F2BF0A804001BF120 /* XCRemoteSwiftPackageReference "aws-sdk-ios-spm" */;
			productName = AWSKinesisVideoWebRTCStorage;
		};
		5CE3A1662BF0A804001BF120 /* AWSLambda */ = {
			isa = XCSwiftPackageProductDependency;
			package = 5CE3A12F2BF0A804001BF120 /* XCRemoteSwiftPackageReference "aws-sdk-ios-spm" */;
			productName = AWSLambda;
		};
		5CE3A1682BF0A804001BF120 /* AWSLex */ = {
			isa = XCSwiftPackageProductDependency;
			package = 5CE3A12F2BF0A804001BF120 /* XCRemoteSwiftPackageReference "aws-sdk-ios-spm" */;
			productName = AWSLex;
		};
		5CE3A16A2BF0A804001BF120 /* AWSLocationXCF */ = {
			isa = XCSwiftPackageProductDependency;
			package = 5CE3A12F2BF0A804001BF120 /* XCRemoteSwiftPackageReference "aws-sdk-ios-spm" */;
			productName = AWSLocationXCF;
		};
		5CE3A16C2BF0A804001BF120 /* AWSLogs */ = {
			isa = XCSwiftPackageProductDependency;
			package = 5CE3A12F2BF0A804001BF120 /* XCRemoteSwiftPackageReference "aws-sdk-ios-spm" */;
			productName = AWSLogs;
		};
		5CE3A16E2BF0A804001BF120 /* AWSMachineLearning */ = {
			isa = XCSwiftPackageProductDependency;
			package = 5CE3A12F2BF0A804001BF120 /* XCRemoteSwiftPackageReference "aws-sdk-ios-spm" */;
			productName = AWSMachineLearning;
		};
		5CE3A1702BF0A804001BF120 /* AWSMobileClientXCF */ = {
			isa = XCSwiftPackageProductDependency;
			package = 5CE3A12F2BF0A804001BF120 /* XCRemoteSwiftPackageReference "aws-sdk-ios-spm" */;
			productName = AWSMobileClientXCF;
		};
		5CE3A1722BF0A804001BF120 /* AWSPinpoint */ = {
			isa = XCSwiftPackageProductDependency;
			package = 5CE3A12F2BF0A804001BF120 /* XCRemoteSwiftPackageReference "aws-sdk-ios-spm" */;
			productName = AWSPinpoint;
		};
		5CE3A1742BF0A804001BF120 /* AWSPolly */ = {
			isa = XCSwiftPackageProductDependency;
			package = 5CE3A12F2BF0A804001BF120 /* XCRemoteSwiftPackageReference "aws-sdk-ios-spm" */;
			productName = AWSPolly;
		};
		5CE3A1762BF0A804001BF120 /* AWSRekognition */ = {
			isa = XCSwiftPackageProductDependency;
			package = 5CE3A12F2BF0A804001BF120 /* XCRemoteSwiftPackageReference "aws-sdk-ios-spm" */;
			productName = AWSRekognition;
		};
		5CE3A1782BF0A804001BF120 /* AWSS3 */ = {
			isa = XCSwiftPackageProductDependency;
			package = 5CE3A12F2BF0A804001BF120 /* XCRemoteSwiftPackageReference "aws-sdk-ios-spm" */;
			productName = AWSS3;
		};
		5CE3A17A2BF0A804001BF120 /* AWSSES */ = {
			isa = XCSwiftPackageProductDependency;
			package = 5CE3A12F2BF0A804001BF120 /* XCRemoteSwiftPackageReference "aws-sdk-ios-spm" */;
			productName = AWSSES;
		};
		5CE3A17C2BF0A804001BF120 /* AWSSNS */ = {
			isa = XCSwiftPackageProductDependency;
			package = 5CE3A12F2BF0A804001BF120 /* XCRemoteSwiftPackageReference "aws-sdk-ios-spm" */;
			productName = AWSSNS;
		};
		5CE3A17E2BF0A804001BF120 /* AWSSQS */ = {
			isa = XCSwiftPackageProductDependency;
			package = 5CE3A12F2BF0A804001BF120 /* XCRemoteSwiftPackageReference "aws-sdk-ios-spm" */;
			productName = AWSSQS;
		};
		5CE3A1802BF0A804001BF120 /* AWSSageMakerRuntime */ = {
			isa = XCSwiftPackageProductDependency;
			package = 5CE3A12F2BF0A804001BF120 /* XCRemoteSwiftPackageReference "aws-sdk-ios-spm" */;
			productName = AWSSageMakerRuntime;
		};
		5CE3A1822BF0A804001BF120 /* AWSSimpleDB */ = {
			isa = XCSwiftPackageProductDependency;
			package = 5CE3A12F2BF0A804001BF120 /* XCRemoteSwiftPackageReference "aws-sdk-ios-spm" */;
			productName = AWSSimpleDB;
		};
		5CE3A1842BF0A804001BF120 /* AWSTextract */ = {
			isa = XCSwiftPackageProductDependency;
			package = 5CE3A12F2BF0A804001BF120 /* XCRemoteSwiftPackageReference "aws-sdk-ios-spm" */;
			productName = AWSTextract;
		};
		5CE3A1862BF0A804001BF120 /* AWSTranscribe */ = {
			isa = XCSwiftPackageProductDependency;
			package = 5CE3A12F2BF0A804001BF120 /* XCRemoteSwiftPackageReference "aws-sdk-ios-spm" */;
			productName = AWSTranscribe;
		};
		5CE3A1882BF0A804001BF120 /* AWSTranscribeStreaming */ = {
			isa = XCSwiftPackageProductDependency;
			package = 5CE3A12F2BF0A804001BF120 /* XCRemoteSwiftPackageReference "aws-sdk-ios-spm" */;
			productName = AWSTranscribeStreaming;
		};
		5CE3A18A2BF0A804001BF120 /* AWSTranslate */ = {
			isa = XCSwiftPackageProductDependency;
			package = 5CE3A12F2BF0A804001BF120 /* XCRemoteSwiftPackageReference "aws-sdk-ios-spm" */;
			productName = AWSTranslate;
		};
		5CE3A18C2BF0A804001BF120 /* AWSUserPoolsSignIn */ = {
			isa = XCSwiftPackageProductDependency;
			package = 5CE3A12F2BF0A804001BF120 /* XCRemoteSwiftPackageReference "aws-sdk-ios-spm" */;
			productName = AWSUserPoolsSignIn;
		};
		5CE50AE02C22C396000A0CCE /* MuxPlayerSwift */ = {
			isa = XCSwiftPackageProductDependency;
			package = 5CE50ADF2C22C396000A0CCE /* XCRemoteSwiftPackageReference "mux-player-swift" */;
			productName = MuxPlayerSwift;
		};
/* End XCSwiftPackageProductDependency section */
	};
	rootObject = 5CAB5B432B610EA600B2AF59 /* Project object */;
}
