// !$*UTF8*$!
{
	archiveVersion = 1;
	classes = {
	};
	objectVersion = 56;
	objects = {

/* Begin PBXBuildFile section */
		5C25F6712B74A4280038F9AD /* OnboardingViewController.swift in Sources */ = {isa = PBXBuildFile; fileRef = 5C25F6702B74A4270038F9AD /* OnboardingViewController.swift */; };
		5C25F6732B74A6530038F9AD /* OnboardingCollectionViewCell.swift in Sources */ = {isa = PBXBuildFile; fileRef = 5C25F6722B74A6530038F9AD /* OnboardingCollectionViewCell.swift */; };
		5C25F6752B74AA6B0038F9AD /* OnboardingDataModel.swift in Sources */ = {isa = PBXBuildFile; fileRef = 5C25F6742B74AA6B0038F9AD /* OnboardingDataModel.swift */; };
		5C382FD22B95B093003DD4C6 /* TemplateCollectionViewCell.swift in Sources */ = {isa = PBXBuildFile; fileRef = 5C382FD12B95B093003DD4C6 /* TemplateCollectionViewCell.swift */; };
		5C382FD42B95E49D003DD4C6 /* CheckViewController.swift in Sources */ = {isa = PBXBuildFile; fileRef = 5C382FD32B95E49D003DD4C6 /* CheckViewController.swift */; };
		5C382FD62B95E4BC003DD4C6 /* VoiceSelectViewController.swift in Sources */ = {isa = PBXBuildFile; fileRef = 5C382FD52B95E4BC003DD4C6 /* VoiceSelectViewController.swift */; };
		5C382FDB2B95E654003DD4C6 /* VoiceTableViewCell.swift in Sources */ = {isa = PBXBuildFile; fileRef = 5C382FDA2B95E654003DD4C6 /* VoiceTableViewCell.swift */; };
		5C382FDE2B96EF8E003DD4C6 /* Scene.swift in Sources */ = {isa = PBXBuildFile; fileRef = 5C382FDD2B96EF8E003DD4C6 /* Scene.swift */; };
		5C4BB4642B7B495A0045FB28 /* BMJUA_otf.otf in Resources */ = {isa = PBXBuildFile; fileRef = 5C4BB45D2B7B45B30045FB28 /* BMJUA_otf.otf */; };
		5C4BB4682B7B501F0045FB28 /* TabBarViewController.swift in Sources */ = {isa = PBXBuildFile; fileRef = 5C4BB4672B7B501F0045FB28 /* TabBarViewController.swift */; };
		5C4BB46C2B7B55280045FB28 /* HomeViewController.swift in Sources */ = {isa = PBXBuildFile; fileRef = 5C4BB46B2B7B55280045FB28 /* HomeViewController.swift */; };
		5C4BB46E2B7B55540045FB28 /* MemesViewController.swift in Sources */ = {isa = PBXBuildFile; fileRef = 5C4BB46D2B7B55540045FB28 /* MemesViewController.swift */; };
		5C4BB4702B7B55720045FB28 /* StorageViewController.swift in Sources */ = {isa = PBXBuildFile; fileRef = 5C4BB46F2B7B55720045FB28 /* StorageViewController.swift */; };
		5C4BB4722B7B58AF0045FB28 /* GenerateViewController.swift in Sources */ = {isa = PBXBuildFile; fileRef = 5C4BB4712B7B58AF0045FB28 /* GenerateViewController.swift */; };
		5C4BB4742B7B5E300045FB28 /* TemplateTableViewCell.swift in Sources */ = {isa = PBXBuildFile; fileRef = 5C4BB4732B7B5E300045FB28 /* TemplateTableViewCell.swift */; };
		5C4BB4762B7B62D30045FB28 /* TemSelectViewController.swift in Sources */ = {isa = PBXBuildFile; fileRef = 5C4BB4752B7B62D30045FB28 /* TemSelectViewController.swift */; };
		5C4BB47D2B7BD1B40045FB28 /* Pretendard-Bold.otf in Resources */ = {isa = PBXBuildFile; fileRef = 5C4BB47C2B7BD1B40045FB28 /* Pretendard-Bold.otf */; };
		5C5536322B8B2967004A3E67 /* SelectViewController.swift in Sources */ = {isa = PBXBuildFile; fileRef = 5C5536312B8B2967004A3E67 /* SelectViewController.swift */; };
		5C83D35B2B68DABC00F34F0B /* LoginViewController.swift in Sources */ = {isa = PBXBuildFile; fileRef = 5C83D35A2B68DABC00F34F0B /* LoginViewController.swift */; };
		5CAB5B4F2B610EA600B2AF59 /* AppDelegate.swift in Sources */ = {isa = PBXBuildFile; fileRef = 5CAB5B4E2B610EA600B2AF59 /* AppDelegate.swift */; };
		5CAB5B512B610EA600B2AF59 /* SceneDelegate.swift in Sources */ = {isa = PBXBuildFile; fileRef = 5CAB5B502B610EA600B2AF59 /* SceneDelegate.swift */; };
		5CAB5B532B610EA600B2AF59 /* ViewController.swift in Sources */ = {isa = PBXBuildFile; fileRef = 5CAB5B522B610EA600B2AF59 /* ViewController.swift */; };
		5CAB5B562B610EA600B2AF59 /* Main.storyboard in Resources */ = {isa = PBXBuildFile; fileRef = 5CAB5B542B610EA600B2AF59 /* Main.storyboard */; };
		5CAB5B582B610EA800B2AF59 /* Assets.xcassets in Resources */ = {isa = PBXBuildFile; fileRef = 5CAB5B572B610EA800B2AF59 /* Assets.xcassets */; };
		5CAB5B5B2B610EA800B2AF59 /* LaunchScreen.storyboard in Resources */ = {isa = PBXBuildFile; fileRef = 5CAB5B592B610EA800B2AF59 /* LaunchScreen.storyboard */; };
		5CAB5B642B610F5500B2AF59 /* Alamofire in Frameworks */ = {isa = PBXBuildFile; productRef = 5CAB5B632B610F5500B2AF59 /* Alamofire */; };
		5CAB5B672B6110F600B2AF59 /* SnapKit in Frameworks */ = {isa = PBXBuildFile; productRef = 5CAB5B662B6110F600B2AF59 /* SnapKit */; };
		5CAB5B6A2B6112A800B2AF59 /* RxCocoa in Frameworks */ = {isa = PBXBuildFile; productRef = 5CAB5B692B6112A800B2AF59 /* RxCocoa */; };
		5CAB5B6C2B6112A800B2AF59 /* RxRelay in Frameworks */ = {isa = PBXBuildFile; productRef = 5CAB5B6B2B6112A800B2AF59 /* RxRelay */; };
		5CAB5B6E2B6112A800B2AF59 /* RxSwift in Frameworks */ = {isa = PBXBuildFile; productRef = 5CAB5B6D2B6112A800B2AF59 /* RxSwift */; };
		5CC4BADD2B68E3DD00A2D259 /* NickNameSetViewController.swift in Sources */ = {isa = PBXBuildFile; fileRef = 5CC4BADC2B68E3DD00A2D259 /* NickNameSetViewController.swift */; };
		5CD643AB2BA16B2900741A13 /* AWSAPIGateway in Frameworks */ = {isa = PBXBuildFile; productRef = 5CD643AA2BA16B2900741A13 /* AWSAPIGateway */; };
		5CD643AD2BA16B2900741A13 /* AWSAppleSignIn in Frameworks */ = {isa = PBXBuildFile; productRef = 5CD643AC2BA16B2900741A13 /* AWSAppleSignIn */; };
		5CD643AF2BA16B2900741A13 /* AWSAuthCore in Frameworks */ = {isa = PBXBuildFile; productRef = 5CD643AE2BA16B2900741A13 /* AWSAuthCore */; };
		5CD643B12BA16B2900741A13 /* AWSAuthUI in Frameworks */ = {isa = PBXBuildFile; productRef = 5CD643B02BA16B2900741A13 /* AWSAuthUI */; };
		5CD643B32BA16B2900741A13 /* AWSAutoScaling in Frameworks */ = {isa = PBXBuildFile; productRef = 5CD643B22BA16B2900741A13 /* AWSAutoScaling */; };
		5CD643B52BA16B2900741A13 /* AWSChimeSDKIdentity in Frameworks */ = {isa = PBXBuildFile; productRef = 5CD643B42BA16B2900741A13 /* AWSChimeSDKIdentity */; };
		5CD643B72BA16B2900741A13 /* AWSChimeSDKMessaging in Frameworks */ = {isa = PBXBuildFile; productRef = 5CD643B62BA16B2900741A13 /* AWSChimeSDKMessaging */; };
		5CD643B92BA16B2900741A13 /* AWSCloudWatch in Frameworks */ = {isa = PBXBuildFile; productRef = 5CD643B82BA16B2900741A13 /* AWSCloudWatch */; };
		5CD643BB2BA16B2900741A13 /* AWSCognitoAuth in Frameworks */ = {isa = PBXBuildFile; productRef = 5CD643BA2BA16B2900741A13 /* AWSCognitoAuth */; };
		5CD643BD2BA16B2900741A13 /* AWSCognitoIdentityProvider in Frameworks */ = {isa = PBXBuildFile; productRef = 5CD643BC2BA16B2900741A13 /* AWSCognitoIdentityProvider */; };
		5CD643BF2BA16B2900741A13 /* AWSCognitoIdentityProviderASF in Frameworks */ = {isa = PBXBuildFile; productRef = 5CD643BE2BA16B2900741A13 /* AWSCognitoIdentityProviderASF */; };
		5CD643C12BA16B2900741A13 /* AWSComprehend in Frameworks */ = {isa = PBXBuildFile; productRef = 5CD643C02BA16B2900741A13 /* AWSComprehend */; };
		5CD643C32BA16B2900741A13 /* AWSConnect in Frameworks */ = {isa = PBXBuildFile; productRef = 5CD643C22BA16B2900741A13 /* AWSConnect */; };
		5CD643C52BA16B2900741A13 /* AWSConnectParticipant in Frameworks */ = {isa = PBXBuildFile; productRef = 5CD643C42BA16B2900741A13 /* AWSConnectParticipant */; };
		5CD643C72BA16B2900741A13 /* AWSCore in Frameworks */ = {isa = PBXBuildFile; productRef = 5CD643C62BA16B2900741A13 /* AWSCore */; };
		5CD643C92BA16B2900741A13 /* AWSDynamoDB in Frameworks */ = {isa = PBXBuildFile; productRef = 5CD643C82BA16B2900741A13 /* AWSDynamoDB */; };
		5CD643CB2BA16B2900741A13 /* AWSEC2 in Frameworks */ = {isa = PBXBuildFile; productRef = 5CD643CA2BA16B2900741A13 /* AWSEC2 */; };
		5CD643CD2BA16B2900741A13 /* AWSElasticLoadBalancing in Frameworks */ = {isa = PBXBuildFile; productRef = 5CD643CC2BA16B2900741A13 /* AWSElasticLoadBalancing */; };
		5CD643CF2BA16B2900741A13 /* AWSFacebookSignIn in Frameworks */ = {isa = PBXBuildFile; productRef = 5CD643CE2BA16B2900741A13 /* AWSFacebookSignIn */; };
		5CD643D12BA16B2900741A13 /* AWSGoogleSignIn in Frameworks */ = {isa = PBXBuildFile; productRef = 5CD643D02BA16B2900741A13 /* AWSGoogleSignIn */; };
		5CD643D32BA16B2900741A13 /* AWSIoT in Frameworks */ = {isa = PBXBuildFile; productRef = 5CD643D22BA16B2900741A13 /* AWSIoT */; };
		5CD643D52BA16B2900741A13 /* AWSKMS in Frameworks */ = {isa = PBXBuildFile; productRef = 5CD643D42BA16B2900741A13 /* AWSKMS */; };
		5CD643D72BA16B2900741A13 /* AWSKinesis in Frameworks */ = {isa = PBXBuildFile; productRef = 5CD643D62BA16B2900741A13 /* AWSKinesis */; };
		5CD643D92BA16B2900741A13 /* AWSKinesisVideo in Frameworks */ = {isa = PBXBuildFile; productRef = 5CD643D82BA16B2900741A13 /* AWSKinesisVideo */; };
		5CD643DB2BA16B2900741A13 /* AWSKinesisVideoArchivedMedia in Frameworks */ = {isa = PBXBuildFile; productRef = 5CD643DA2BA16B2900741A13 /* AWSKinesisVideoArchivedMedia */; };
		5CD643DD2BA16B2900741A13 /* AWSKinesisVideoSignaling in Frameworks */ = {isa = PBXBuildFile; productRef = 5CD643DC2BA16B2900741A13 /* AWSKinesisVideoSignaling */; };
		5CD643DF2BA16B2900741A13 /* AWSKinesisVideoWebRTCStorage in Frameworks */ = {isa = PBXBuildFile; productRef = 5CD643DE2BA16B2900741A13 /* AWSKinesisVideoWebRTCStorage */; };
		5CD643E12BA16B2900741A13 /* AWSLambda in Frameworks */ = {isa = PBXBuildFile; productRef = 5CD643E02BA16B2900741A13 /* AWSLambda */; };
		5CD643E32BA16B2900741A13 /* AWSLex in Frameworks */ = {isa = PBXBuildFile; productRef = 5CD643E22BA16B2900741A13 /* AWSLex */; };
		5CD643E52BA16B2900741A13 /* AWSLocationXCF in Frameworks */ = {isa = PBXBuildFile; productRef = 5CD643E42BA16B2900741A13 /* AWSLocationXCF */; };
		5CD643E72BA16B2900741A13 /* AWSLogs in Frameworks */ = {isa = PBXBuildFile; productRef = 5CD643E62BA16B2900741A13 /* AWSLogs */; };
		5CD643E92BA16B2900741A13 /* AWSMachineLearning in Frameworks */ = {isa = PBXBuildFile; productRef = 5CD643E82BA16B2900741A13 /* AWSMachineLearning */; };
		5CD643EB2BA16B2900741A13 /* AWSMobileClientXCF in Frameworks */ = {isa = PBXBuildFile; productRef = 5CD643EA2BA16B2900741A13 /* AWSMobileClientXCF */; };
		5CD643ED2BA16B2900741A13 /* AWSPinpoint in Frameworks */ = {isa = PBXBuildFile; productRef = 5CD643EC2BA16B2900741A13 /* AWSPinpoint */; };
		5CD643EF2BA16B2900741A13 /* AWSPolly in Frameworks */ = {isa = PBXBuildFile; productRef = 5CD643EE2BA16B2900741A13 /* AWSPolly */; };
		5CD643F12BA16B2900741A13 /* AWSRekognition in Frameworks */ = {isa = PBXBuildFile; productRef = 5CD643F02BA16B2900741A13 /* AWSRekognition */; };
		5CD643F32BA16B2900741A13 /* AWSS3 in Frameworks */ = {isa = PBXBuildFile; productRef = 5CD643F22BA16B2900741A13 /* AWSS3 */; };
		5CD643F52BA16B2900741A13 /* AWSSES in Frameworks */ = {isa = PBXBuildFile; productRef = 5CD643F42BA16B2900741A13 /* AWSSES */; };
		5CD643F72BA16B2900741A13 /* AWSSNS in Frameworks */ = {isa = PBXBuildFile; productRef = 5CD643F62BA16B2900741A13 /* AWSSNS */; };
		5CD643F92BA16B2900741A13 /* AWSSQS in Frameworks */ = {isa = PBXBuildFile; productRef = 5CD643F82BA16B2900741A13 /* AWSSQS */; };
		5CD643FB2BA16B2900741A13 /* AWSSageMakerRuntime in Frameworks */ = {isa = PBXBuildFile; productRef = 5CD643FA2BA16B2900741A13 /* AWSSageMakerRuntime */; };
		5CD643FD2BA16B2900741A13 /* AWSSimpleDB in Frameworks */ = {isa = PBXBuildFile; productRef = 5CD643FC2BA16B2900741A13 /* AWSSimpleDB */; };
		5CD643FF2BA16B2900741A13 /* AWSTextract in Frameworks */ = {isa = PBXBuildFile; productRef = 5CD643FE2BA16B2900741A13 /* AWSTextract */; };
		5CD644012BA16B2900741A13 /* AWSTranscribe in Frameworks */ = {isa = PBXBuildFile; productRef = 5CD644002BA16B2900741A13 /* AWSTranscribe */; };
		5CD644032BA16B2900741A13 /* AWSTranscribeStreaming in Frameworks */ = {isa = PBXBuildFile; productRef = 5CD644022BA16B2900741A13 /* AWSTranscribeStreaming */; };
		5CD644052BA16B2900741A13 /* AWSTranslate in Frameworks */ = {isa = PBXBuildFile; productRef = 5CD644042BA16B2900741A13 /* AWSTranslate */; };
		5CD644072BA16B2900741A13 /* AWSUserPoolsSignIn in Frameworks */ = {isa = PBXBuildFile; productRef = 5CD644062BA16B2900741A13 /* AWSUserPoolsSignIn */; };
		5CD644092BA16C5D00741A13 /* S3Uploader.swift in Sources */ = {isa = PBXBuildFile; fileRef = 5CD644082BA16C5D00741A13 /* S3Uploader.swift */; };
/* End PBXBuildFile section */

/* Begin PBXFileReference section */
		5C25F6702B74A4270038F9AD /* OnboardingViewController.swift */ = {isa = PBXFileReference; lastKnownFileType = sourcecode.swift; path = OnboardingViewController.swift; sourceTree = "<group>"; };
		5C25F6722B74A6530038F9AD /* OnboardingCollectionViewCell.swift */ = {isa = PBXFileReference; lastKnownFileType = sourcecode.swift; path = OnboardingCollectionViewCell.swift; sourceTree = "<group>"; };
		5C25F6742B74AA6B0038F9AD /* OnboardingDataModel.swift */ = {isa = PBXFileReference; lastKnownFileType = sourcecode.swift; path = OnboardingDataModel.swift; sourceTree = "<group>"; };
		5C382FD12B95B093003DD4C6 /* TemplateCollectionViewCell.swift */ = {isa = PBXFileReference; lastKnownFileType = sourcecode.swift; path = TemplateCollectionViewCell.swift; sourceTree = "<group>"; };
		5C382FD32B95E49D003DD4C6 /* CheckViewController.swift */ = {isa = PBXFileReference; lastKnownFileType = sourcecode.swift; path = CheckViewController.swift; sourceTree = "<group>"; };
		5C382FD52B95E4BC003DD4C6 /* VoiceSelectViewController.swift */ = {isa = PBXFileReference; lastKnownFileType = sourcecode.swift; path = VoiceSelectViewController.swift; sourceTree = "<group>"; };
		5C382FDA2B95E654003DD4C6 /* VoiceTableViewCell.swift */ = {isa = PBXFileReference; lastKnownFileType = sourcecode.swift; path = VoiceTableViewCell.swift; sourceTree = "<group>"; };
		5C382FDD2B96EF8E003DD4C6 /* Scene.swift */ = {isa = PBXFileReference; lastKnownFileType = sourcecode.swift; path = Scene.swift; sourceTree = "<group>"; };
		5C4BB45D2B7B45B30045FB28 /* BMJUA_otf.otf */ = {isa = PBXFileReference; lastKnownFileType = file; path = BMJUA_otf.otf; sourceTree = "<group>"; };
		5C4BB4672B7B501F0045FB28 /* TabBarViewController.swift */ = {isa = PBXFileReference; lastKnownFileType = sourcecode.swift; path = TabBarViewController.swift; sourceTree = "<group>"; };
		5C4BB46B2B7B55280045FB28 /* HomeViewController.swift */ = {isa = PBXFileReference; lastKnownFileType = sourcecode.swift; path = HomeViewController.swift; sourceTree = "<group>"; };
		5C4BB46D2B7B55540045FB28 /* MemesViewController.swift */ = {isa = PBXFileReference; lastKnownFileType = sourcecode.swift; path = MemesViewController.swift; sourceTree = "<group>"; };
		5C4BB46F2B7B55720045FB28 /* StorageViewController.swift */ = {isa = PBXFileReference; lastKnownFileType = sourcecode.swift; path = StorageViewController.swift; sourceTree = "<group>"; };
		5C4BB4712B7B58AF0045FB28 /* GenerateViewController.swift */ = {isa = PBXFileReference; lastKnownFileType = sourcecode.swift; path = GenerateViewController.swift; sourceTree = "<group>"; };
		5C4BB4732B7B5E300045FB28 /* TemplateTableViewCell.swift */ = {isa = PBXFileReference; lastKnownFileType = sourcecode.swift; path = TemplateTableViewCell.swift; sourceTree = "<group>"; };
		5C4BB4752B7B62D30045FB28 /* TemSelectViewController.swift */ = {isa = PBXFileReference; lastKnownFileType = sourcecode.swift; path = TemSelectViewController.swift; sourceTree = "<group>"; };
		5C4BB47C2B7BD1B40045FB28 /* Pretendard-Bold.otf */ = {isa = PBXFileReference; lastKnownFileType = file; path = "Pretendard-Bold.otf"; sourceTree = "<group>"; };
		5C5536312B8B2967004A3E67 /* SelectViewController.swift */ = {isa = PBXFileReference; lastKnownFileType = sourcecode.swift; path = SelectViewController.swift; sourceTree = "<group>"; };
		5C83D35A2B68DABC00F34F0B /* LoginViewController.swift */ = {isa = PBXFileReference; lastKnownFileType = sourcecode.swift; path = LoginViewController.swift; sourceTree = "<group>"; };
		5CAB5B4B2B610EA600B2AF59 /* Memetory.app */ = {isa = PBXFileReference; explicitFileType = wrapper.application; includeInIndex = 0; path = Memetory.app; sourceTree = BUILT_PRODUCTS_DIR; };
		5CAB5B4E2B610EA600B2AF59 /* AppDelegate.swift */ = {isa = PBXFileReference; lastKnownFileType = sourcecode.swift; path = AppDelegate.swift; sourceTree = "<group>"; };
		5CAB5B502B610EA600B2AF59 /* SceneDelegate.swift */ = {isa = PBXFileReference; lastKnownFileType = sourcecode.swift; path = SceneDelegate.swift; sourceTree = "<group>"; };
		5CAB5B522B610EA600B2AF59 /* ViewController.swift */ = {isa = PBXFileReference; lastKnownFileType = sourcecode.swift; path = ViewController.swift; sourceTree = "<group>"; };
		5CAB5B552B610EA600B2AF59 /* Base */ = {isa = PBXFileReference; lastKnownFileType = file.storyboard; name = Base; path = Base.lproj/Main.storyboard; sourceTree = "<group>"; };
		5CAB5B572B610EA800B2AF59 /* Assets.xcassets */ = {isa = PBXFileReference; lastKnownFileType = folder.assetcatalog; path = Assets.xcassets; sourceTree = "<group>"; };
		5CAB5B5A2B610EA800B2AF59 /* Base */ = {isa = PBXFileReference; lastKnownFileType = file.storyboard; name = Base; path = Base.lproj/LaunchScreen.storyboard; sourceTree = "<group>"; };
		5CAB5B5C2B610EA800B2AF59 /* Info.plist */ = {isa = PBXFileReference; lastKnownFileType = text.plist.xml; path = Info.plist; sourceTree = "<group>"; };
		5CC4BADC2B68E3DD00A2D259 /* NickNameSetViewController.swift */ = {isa = PBXFileReference; lastKnownFileType = sourcecode.swift; path = NickNameSetViewController.swift; sourceTree = "<group>"; };
		5CD644082BA16C5D00741A13 /* S3Uploader.swift */ = {isa = PBXFileReference; lastKnownFileType = sourcecode.swift; path = S3Uploader.swift; sourceTree = "<group>"; };
/* End PBXFileReference section */

/* Begin PBXFrameworksBuildPhase section */
		5CAB5B482B610EA600B2AF59 /* Frameworks */ = {
			isa = PBXFrameworksBuildPhase;
			buildActionMask = 2147483647;
			files = (
				5CD644032BA16B2900741A13 /* AWSTranscribeStreaming in Frameworks */,
				5CD643F32BA16B2900741A13 /* AWSS3 in Frameworks */,
				5CD643DB2BA16B2900741A13 /* AWSKinesisVideoArchivedMedia in Frameworks */,
				5CD643BB2BA16B2900741A13 /* AWSCognitoAuth in Frameworks */,
				5CD643E32BA16B2900741A13 /* AWSLex in Frameworks */,
				5CD643F12BA16B2900741A13 /* AWSRekognition in Frameworks */,
				5CD643FF2BA16B2900741A13 /* AWSTextract in Frameworks */,
				5CD643EF2BA16B2900741A13 /* AWSPolly in Frameworks */,
				5CD643B12BA16B2900741A13 /* AWSAuthUI in Frameworks */,
				5CD643AB2BA16B2900741A13 /* AWSAPIGateway in Frameworks */,
				5CD643D72BA16B2900741A13 /* AWSKinesis in Frameworks */,
				5CD643AF2BA16B2900741A13 /* AWSAuthCore in Frameworks */,
				5CD643C12BA16B2900741A13 /* AWSComprehend in Frameworks */,
				5CD643B92BA16B2900741A13 /* AWSCloudWatch in Frameworks */,
				5CD643ED2BA16B2900741A13 /* AWSPinpoint in Frameworks */,
				5CD643DD2BA16B2900741A13 /* AWSKinesisVideoSignaling in Frameworks */,
				5CD643E92BA16B2900741A13 /* AWSMachineLearning in Frameworks */,
				5CD644072BA16B2900741A13 /* AWSUserPoolsSignIn in Frameworks */,
				5CD643CF2BA16B2900741A13 /* AWSFacebookSignIn in Frameworks */,
				5CD643F52BA16B2900741A13 /* AWSSES in Frameworks */,
				5CD643F72BA16B2900741A13 /* AWSSNS in Frameworks */,
				5CAB5B6A2B6112A800B2AF59 /* RxCocoa in Frameworks */,
				5CD643AD2BA16B2900741A13 /* AWSAppleSignIn in Frameworks */,
				5CD643CD2BA16B2900741A13 /* AWSElasticLoadBalancing in Frameworks */,
				5CD643B52BA16B2900741A13 /* AWSChimeSDKIdentity in Frameworks */,
				5CD643D92BA16B2900741A13 /* AWSKinesisVideo in Frameworks */,
				5CD643BD2BA16B2900741A13 /* AWSCognitoIdentityProvider in Frameworks */,
				5CD643DF2BA16B2900741A13 /* AWSKinesisVideoWebRTCStorage in Frameworks */,
				5CD643FD2BA16B2900741A13 /* AWSSimpleDB in Frameworks */,
				5CAB5B642B610F5500B2AF59 /* Alamofire in Frameworks */,
				5CD643D32BA16B2900741A13 /* AWSIoT in Frameworks */,
				5CD643BF2BA16B2900741A13 /* AWSCognitoIdentityProviderASF in Frameworks */,
				5CAB5B6E2B6112A800B2AF59 /* RxSwift in Frameworks */,
				5CD643B32BA16B2900741A13 /* AWSAutoScaling in Frameworks */,
				5CD643F92BA16B2900741A13 /* AWSSQS in Frameworks */,
				5CD643E52BA16B2900741A13 /* AWSLocationXCF in Frameworks */,
				5CD643B72BA16B2900741A13 /* AWSChimeSDKMessaging in Frameworks */,
				5CAB5B6C2B6112A800B2AF59 /* RxRelay in Frameworks */,
				5CD643E12BA16B2900741A13 /* AWSLambda in Frameworks */,
				5CD643E72BA16B2900741A13 /* AWSLogs in Frameworks */,
				5CD643D12BA16B2900741A13 /* AWSGoogleSignIn in Frameworks */,
				5CD644052BA16B2900741A13 /* AWSTranslate in Frameworks */,
				5CD643C92BA16B2900741A13 /* AWSDynamoDB in Frameworks */,
				5CD643FB2BA16B2900741A13 /* AWSSageMakerRuntime in Frameworks */,
				5CAB5B672B6110F600B2AF59 /* SnapKit in Frameworks */,
				5CD643D52BA16B2900741A13 /* AWSKMS in Frameworks */,
				5CD643EB2BA16B2900741A13 /* AWSMobileClientXCF in Frameworks */,
				5CD643C52BA16B2900741A13 /* AWSConnectParticipant in Frameworks */,
				5CD643C32BA16B2900741A13 /* AWSConnect in Frameworks */,
				5CD643C72BA16B2900741A13 /* AWSCore in Frameworks */,
				5CD644012BA16B2900741A13 /* AWSTranscribe in Frameworks */,
				5CD643CB2BA16B2900741A13 /* AWSEC2 in Frameworks */,
			);
			runOnlyForDeploymentPostprocessing = 0;
		};
/* End PBXFrameworksBuildPhase section */

/* Begin PBXGroup section */
		5C25F66E2B74A3EB0038F9AD /* Login */ = {
			isa = PBXGroup;
			children = (
				5C25F66F2B74A4020038F9AD /* Onboarding */,
				5C83D35A2B68DABC00F34F0B /* LoginViewController.swift */,
				5CC4BADC2B68E3DD00A2D259 /* NickNameSetViewController.swift */,
			);
			path = Login;
			sourceTree = "<group>";
		};
		5C25F66F2B74A4020038F9AD /* Onboarding */ = {
			isa = PBXGroup;
			children = (
				5C25F6702B74A4270038F9AD /* OnboardingViewController.swift */,
				5C25F6722B74A6530038F9AD /* OnboardingCollectionViewCell.swift */,
				5C25F6742B74AA6B0038F9AD /* OnboardingDataModel.swift */,
			);
			path = Onboarding;
			sourceTree = "<group>";
		};
		5C382FD72B95E5FA003DD4C6 /* Template */ = {
			isa = PBXGroup;
			children = (
				5C4BB4712B7B58AF0045FB28 /* GenerateViewController.swift */,
				5C4BB4732B7B5E300045FB28 /* TemplateTableViewCell.swift */,
			);
			path = Template;
			sourceTree = "<group>";
		};
		5C382FD82B95E61B003DD4C6 /* Scene */ = {
			isa = PBXGroup;
			children = (
				5C4BB4752B7B62D30045FB28 /* TemSelectViewController.swift */,
				5C382FD12B95B093003DD4C6 /* TemplateCollectionViewCell.swift */,
			);
			path = Scene;
			sourceTree = "<group>";
		};
		5C382FD92B95E629003DD4C6 /* Voice */ = {
			isa = PBXGroup;
			children = (
				5C382FD52B95E4BC003DD4C6 /* VoiceSelectViewController.swift */,
				5C382FDA2B95E654003DD4C6 /* VoiceTableViewCell.swift */,
			);
			path = Voice;
			sourceTree = "<group>";
		};
		5C382FDC2B96EF37003DD4C6 /* Models */ = {
			isa = PBXGroup;
			children = (
				5C382FDD2B96EF8E003DD4C6 /* Scene.swift */,
				5CD644082BA16C5D00741A13 /* S3Uploader.swift */,
			);
			path = Models;
			sourceTree = "<group>";
		};
		5C4BB4652B7B4FAC0045FB28 /* Meme-generate */ = {
			isa = PBXGroup;
			children = (
				5C382FD72B95E5FA003DD4C6 /* Template */,
				5C382FD82B95E61B003DD4C6 /* Scene */,
				5C5536312B8B2967004A3E67 /* SelectViewController.swift */,
				5C382FD92B95E629003DD4C6 /* Voice */,
				5C382FD32B95E49D003DD4C6 /* CheckViewController.swift */,
			);
			path = "Meme-generate";
			sourceTree = "<group>";
		};
		5C83D3572B68D5FC00F34F0B /* Font */ = {
			isa = PBXGroup;
			children = (
				5C4BB47C2B7BD1B40045FB28 /* Pretendard-Bold.otf */,
				5C4BB45D2B7B45B30045FB28 /* BMJUA_otf.otf */,
			);
			path = Font;
			sourceTree = "<group>";
		};
		5C83D3592B68DAA500F34F0B /* View */ = {
			isa = PBXGroup;
			children = (
				5C4BB4672B7B501F0045FB28 /* TabBarViewController.swift */,
				5C4BB46B2B7B55280045FB28 /* HomeViewController.swift */,
				5C4BB46D2B7B55540045FB28 /* MemesViewController.swift */,
				5C4BB46F2B7B55720045FB28 /* StorageViewController.swift */,
				5C4BB4652B7B4FAC0045FB28 /* Meme-generate */,
				5C25F66E2B74A3EB0038F9AD /* Login */,
			);
			path = View;
			sourceTree = "<group>";
		};
		5CAB5B422B610EA600B2AF59 = {
			isa = PBXGroup;
			children = (
				5CAB5B4D2B610EA600B2AF59 /* Memetory */,
				5CAB5B4C2B610EA600B2AF59 /* Products */,
			);
			sourceTree = "<group>";
		};
		5CAB5B4C2B610EA600B2AF59 /* Products */ = {
			isa = PBXGroup;
			children = (
				5CAB5B4B2B610EA600B2AF59 /* Memetory.app */,
			);
			name = Products;
			sourceTree = "<group>";
		};
		5CAB5B4D2B610EA600B2AF59 /* Memetory */ = {
			isa = PBXGroup;
			children = (
				5CAB5B4E2B610EA600B2AF59 /* AppDelegate.swift */,
				5CAB5B502B610EA600B2AF59 /* SceneDelegate.swift */,
				5CAB5B522B610EA600B2AF59 /* ViewController.swift */,
				5C382FDC2B96EF37003DD4C6 /* Models */,
				5C83D3592B68DAA500F34F0B /* View */,
				5CAB5B542B610EA600B2AF59 /* Main.storyboard */,
				5CAB5B572B610EA800B2AF59 /* Assets.xcassets */,
				5C83D3572B68D5FC00F34F0B /* Font */,
				5CAB5B592B610EA800B2AF59 /* LaunchScreen.storyboard */,
				5CAB5B5C2B610EA800B2AF59 /* Info.plist */,
			);
			path = Memetory;
			sourceTree = "<group>";
		};
/* End PBXGroup section */

/* Begin PBXNativeTarget section */
		5CAB5B4A2B610EA600B2AF59 /* Memetory */ = {
			isa = PBXNativeTarget;
			buildConfigurationList = 5CAB5B5F2B610EA800B2AF59 /* Build configuration list for PBXNativeTarget "Memetory" */;
			buildPhases = (
				5CAB5B472B610EA600B2AF59 /* Sources */,
				5CAB5B482B610EA600B2AF59 /* Frameworks */,
				5CAB5B492B610EA600B2AF59 /* Resources */,
			);
			buildRules = (
			);
			dependencies = (
			);
			name = Memetory;
			packageProductDependencies = (
				5CAB5B632B610F5500B2AF59 /* Alamofire */,
				5CAB5B662B6110F600B2AF59 /* SnapKit */,
				5CAB5B692B6112A800B2AF59 /* RxCocoa */,
				5CAB5B6B2B6112A800B2AF59 /* RxRelay */,
				5CAB5B6D2B6112A800B2AF59 /* RxSwift */,
				5CD643AA2BA16B2900741A13 /* AWSAPIGateway */,
				5CD643AC2BA16B2900741A13 /* AWSAppleSignIn */,
				5CD643AE2BA16B2900741A13 /* AWSAuthCore */,
				5CD643B02BA16B2900741A13 /* AWSAuthUI */,
				5CD643B22BA16B2900741A13 /* AWSAutoScaling */,
				5CD643B42BA16B2900741A13 /* AWSChimeSDKIdentity */,
				5CD643B62BA16B2900741A13 /* AWSChimeSDKMessaging */,
				5CD643B82BA16B2900741A13 /* AWSCloudWatch */,
				5CD643BA2BA16B2900741A13 /* AWSCognitoAuth */,
				5CD643BC2BA16B2900741A13 /* AWSCognitoIdentityProvider */,
				5CD643BE2BA16B2900741A13 /* AWSCognitoIdentityProviderASF */,
				5CD643C02BA16B2900741A13 /* AWSComprehend */,
				5CD643C22BA16B2900741A13 /* AWSConnect */,
				5CD643C42BA16B2900741A13 /* AWSConnectParticipant */,
				5CD643C62BA16B2900741A13 /* AWSCore */,
				5CD643C82BA16B2900741A13 /* AWSDynamoDB */,
				5CD643CA2BA16B2900741A13 /* AWSEC2 */,
				5CD643CC2BA16B2900741A13 /* AWSElasticLoadBalancing */,
				5CD643CE2BA16B2900741A13 /* AWSFacebookSignIn */,
				5CD643D02BA16B2900741A13 /* AWSGoogleSignIn */,
				5CD643D22BA16B2900741A13 /* AWSIoT */,
				5CD643D42BA16B2900741A13 /* AWSKMS */,
				5CD643D62BA16B2900741A13 /* AWSKinesis */,
				5CD643D82BA16B2900741A13 /* AWSKinesisVideo */,
				5CD643DA2BA16B2900741A13 /* AWSKinesisVideoArchivedMedia */,
				5CD643DC2BA16B2900741A13 /* AWSKinesisVideoSignaling */,
				5CD643DE2BA16B2900741A13 /* AWSKinesisVideoWebRTCStorage */,
				5CD643E02BA16B2900741A13 /* AWSLambda */,
				5CD643E22BA16B2900741A13 /* AWSLex */,
				5CD643E42BA16B2900741A13 /* AWSLocationXCF */,
				5CD643E62BA16B2900741A13 /* AWSLogs */,
				5CD643E82BA16B2900741A13 /* AWSMachineLearning */,
				5CD643EA2BA16B2900741A13 /* AWSMobileClientXCF */,
				5CD643EC2BA16B2900741A13 /* AWSPinpoint */,
				5CD643EE2BA16B2900741A13 /* AWSPolly */,
				5CD643F02BA16B2900741A13 /* AWSRekognition */,
				5CD643F22BA16B2900741A13 /* AWSS3 */,
				5CD643F42BA16B2900741A13 /* AWSSES */,
				5CD643F62BA16B2900741A13 /* AWSSNS */,
				5CD643F82BA16B2900741A13 /* AWSSQS */,
				5CD643FA2BA16B2900741A13 /* AWSSageMakerRuntime */,
				5CD643FC2BA16B2900741A13 /* AWSSimpleDB */,
				5CD643FE2BA16B2900741A13 /* AWSTextract */,
				5CD644002BA16B2900741A13 /* AWSTranscribe */,
				5CD644022BA16B2900741A13 /* AWSTranscribeStreaming */,
				5CD644042BA16B2900741A13 /* AWSTranslate */,
				5CD644062BA16B2900741A13 /* AWSUserPoolsSignIn */,
			);
			productName = Memetory;
			productReference = 5CAB5B4B2B610EA600B2AF59 /* Memetory.app */;
			productType = "com.apple.product-type.application";
		};
/* End PBXNativeTarget section */

/* Begin PBXProject section */
		5CAB5B432B610EA600B2AF59 /* Project object */ = {
			isa = PBXProject;
			attributes = {
				BuildIndependentTargetsInParallel = 1;
				LastSwiftUpdateCheck = 1430;
				LastUpgradeCheck = 1430;
				TargetAttributes = {
					5CAB5B4A2B610EA600B2AF59 = {
						CreatedOnToolsVersion = 14.3.1;
					};
				};
			};
			buildConfigurationList = 5CAB5B462B610EA600B2AF59 /* Build configuration list for PBXProject "Memetory" */;
			compatibilityVersion = "Xcode 14.0";
			developmentRegion = en;
			hasScannedForEncodings = 0;
			knownRegions = (
				en,
				Base,
			);
			mainGroup = 5CAB5B422B610EA600B2AF59;
			packageReferences = (
				5CAB5B622B610F5500B2AF59 /* XCRemoteSwiftPackageReference "Alamofire" */,
				5CAB5B652B6110F500B2AF59 /* XCRemoteSwiftPackageReference "SnapKit" */,
				5CAB5B682B6112A800B2AF59 /* XCRemoteSwiftPackageReference "RxSwift" */,
				5CD643A92BA16B2900741A13 /* XCRemoteSwiftPackageReference "aws-sdk-ios-spm" */,
			);
			productRefGroup = 5CAB5B4C2B610EA600B2AF59 /* Products */;
			projectDirPath = "";
			projectRoot = "";
			targets = (
				5CAB5B4A2B610EA600B2AF59 /* Memetory */,
			);
		};
/* End PBXProject section */

/* Begin PBXResourcesBuildPhase section */
		5CAB5B492B610EA600B2AF59 /* Resources */ = {
			isa = PBXResourcesBuildPhase;
			buildActionMask = 2147483647;
			files = (
				5CAB5B5B2B610EA800B2AF59 /* LaunchScreen.storyboard in Resources */,
				5C4BB47D2B7BD1B40045FB28 /* Pretendard-Bold.otf in Resources */,
				5CAB5B582B610EA800B2AF59 /* Assets.xcassets in Resources */,
				5CAB5B562B610EA600B2AF59 /* Main.storyboard in Resources */,
				5C4BB4642B7B495A0045FB28 /* BMJUA_otf.otf in Resources */,
			);
			runOnlyForDeploymentPostprocessing = 0;
		};
/* End PBXResourcesBuildPhase section */

/* Begin PBXSourcesBuildPhase section */
		5CAB5B472B610EA600B2AF59 /* Sources */ = {
			isa = PBXSourcesBuildPhase;
			buildActionMask = 2147483647;
			files = (
				5C4BB4722B7B58AF0045FB28 /* GenerateViewController.swift in Sources */,
				5C83D35B2B68DABC00F34F0B /* LoginViewController.swift in Sources */,
				5C25F6712B74A4280038F9AD /* OnboardingViewController.swift in Sources */,
				5C382FD22B95B093003DD4C6 /* TemplateCollectionViewCell.swift in Sources */,
				5C382FD62B95E4BC003DD4C6 /* VoiceSelectViewController.swift in Sources */,
				5C4BB4702B7B55720045FB28 /* StorageViewController.swift in Sources */,
				5C25F6752B74AA6B0038F9AD /* OnboardingDataModel.swift in Sources */,
				5CD644092BA16C5D00741A13 /* S3Uploader.swift in Sources */,
				5CC4BADD2B68E3DD00A2D259 /* NickNameSetViewController.swift in Sources */,
				5C4BB4682B7B501F0045FB28 /* TabBarViewController.swift in Sources */,
				5CAB5B532B610EA600B2AF59 /* ViewController.swift in Sources */,
				5CAB5B4F2B610EA600B2AF59 /* AppDelegate.swift in Sources */,
				5C382FDB2B95E654003DD4C6 /* VoiceTableViewCell.swift in Sources */,
				5C4BB46C2B7B55280045FB28 /* HomeViewController.swift in Sources */,
				5C25F6732B74A6530038F9AD /* OnboardingCollectionViewCell.swift in Sources */,
				5C382FD42B95E49D003DD4C6 /* CheckViewController.swift in Sources */,
				5CAB5B512B610EA600B2AF59 /* SceneDelegate.swift in Sources */,
				5C4BB46E2B7B55540045FB28 /* MemesViewController.swift in Sources */,
				5C4BB4742B7B5E300045FB28 /* TemplateTableViewCell.swift in Sources */,
				5C4BB4762B7B62D30045FB28 /* TemSelectViewController.swift in Sources */,
				5C382FDE2B96EF8E003DD4C6 /* Scene.swift in Sources */,
				5C5536322B8B2967004A3E67 /* SelectViewController.swift in Sources */,
			);
			runOnlyForDeploymentPostprocessing = 0;
		};
/* End PBXSourcesBuildPhase section */

/* Begin PBXVariantGroup section */
		5CAB5B542B610EA600B2AF59 /* Main.storyboard */ = {
			isa = PBXVariantGroup;
			children = (
				5CAB5B552B610EA600B2AF59 /* Base */,
			);
			name = Main.storyboard;
			sourceTree = "<group>";
		};
		5CAB5B592B610EA800B2AF59 /* LaunchScreen.storyboard */ = {
			isa = PBXVariantGroup;
			children = (
				5CAB5B5A2B610EA800B2AF59 /* Base */,
			);
			name = LaunchScreen.storyboard;
			sourceTree = "<group>";
		};
/* End PBXVariantGroup section */

/* Begin XCBuildConfiguration section */
		5CAB5B5D2B610EA800B2AF59 /* Debug */ = {
			isa = XCBuildConfiguration;
			buildSettings = {
				ALWAYS_SEARCH_USER_PATHS = NO;
				CLANG_ANALYZER_NONNULL = YES;
				CLANG_ANALYZER_NUMBER_OBJECT_CONVERSION = YES_AGGRESSIVE;
				CLANG_CXX_LANGUAGE_STANDARD = "gnu++20";
				CLANG_ENABLE_MODULES = YES;
				CLANG_ENABLE_OBJC_ARC = YES;
				CLANG_ENABLE_OBJC_WEAK = YES;
				CLANG_WARN_BLOCK_CAPTURE_AUTORELEASING = YES;
				CLANG_WARN_BOOL_CONVERSION = YES;
				CLANG_WARN_COMMA = YES;
				CLANG_WARN_CONSTANT_CONVERSION = YES;
				CLANG_WARN_DEPRECATED_OBJC_IMPLEMENTATIONS = YES;
				CLANG_WARN_DIRECT_OBJC_ISA_USAGE = YES_ERROR;
				CLANG_WARN_DOCUMENTATION_COMMENTS = YES;
				CLANG_WARN_EMPTY_BODY = YES;
				CLANG_WARN_ENUM_CONVERSION = YES;
				CLANG_WARN_INFINITE_RECURSION = YES;
				CLANG_WARN_INT_CONVERSION = YES;
				CLANG_WARN_NON_LITERAL_NULL_CONVERSION = YES;
				CLANG_WARN_OBJC_IMPLICIT_RETAIN_SELF = YES;
				CLANG_WARN_OBJC_LITERAL_CONVERSION = YES;
				CLANG_WARN_OBJC_ROOT_CLASS = YES_ERROR;
				CLANG_WARN_QUOTED_INCLUDE_IN_FRAMEWORK_HEADER = YES;
				CLANG_WARN_RANGE_LOOP_ANALYSIS = YES;
				CLANG_WARN_STRICT_PROTOTYPES = YES;
				CLANG_WARN_SUSPICIOUS_MOVE = YES;
				CLANG_WARN_UNGUARDED_AVAILABILITY = YES_AGGRESSIVE;
				CLANG_WARN_UNREACHABLE_CODE = YES;
				CLANG_WARN__DUPLICATE_METHOD_MATCH = YES;
				COPY_PHASE_STRIP = NO;
				DEBUG_INFORMATION_FORMAT = dwarf;
				ENABLE_STRICT_OBJC_MSGSEND = YES;
				ENABLE_TESTABILITY = YES;
				GCC_C_LANGUAGE_STANDARD = gnu11;
				GCC_DYNAMIC_NO_PIC = NO;
				GCC_NO_COMMON_BLOCKS = YES;
				GCC_OPTIMIZATION_LEVEL = 0;
				GCC_PREPROCESSOR_DEFINITIONS = (
					"DEBUG=1",
					"$(inherited)",
				);
				GCC_WARN_64_TO_32_BIT_CONVERSION = YES;
				GCC_WARN_ABOUT_RETURN_TYPE = YES_ERROR;
				GCC_WARN_UNDECLARED_SELECTOR = YES;
				GCC_WARN_UNINITIALIZED_AUTOS = YES_AGGRESSIVE;
				GCC_WARN_UNUSED_FUNCTION = YES;
				GCC_WARN_UNUSED_VARIABLE = YES;
				IPHONEOS_DEPLOYMENT_TARGET = 16.4;
				MTL_ENABLE_DEBUG_INFO = INCLUDE_SOURCE;
				MTL_FAST_MATH = YES;
				ONLY_ACTIVE_ARCH = YES;
				SDKROOT = iphoneos;
				SWIFT_ACTIVE_COMPILATION_CONDITIONS = DEBUG;
				SWIFT_OPTIMIZATION_LEVEL = "-Onone";
			};
			name = Debug;
		};
		5CAB5B5E2B610EA800B2AF59 /* Release */ = {
			isa = XCBuildConfiguration;
			buildSettings = {
				ALWAYS_SEARCH_USER_PATHS = NO;
				CLANG_ANALYZER_NONNULL = YES;
				CLANG_ANALYZER_NUMBER_OBJECT_CONVERSION = YES_AGGRESSIVE;
				CLANG_CXX_LANGUAGE_STANDARD = "gnu++20";
				CLANG_ENABLE_MODULES = YES;
				CLANG_ENABLE_OBJC_ARC = YES;
				CLANG_ENABLE_OBJC_WEAK = YES;
				CLANG_WARN_BLOCK_CAPTURE_AUTORELEASING = YES;
				CLANG_WARN_BOOL_CONVERSION = YES;
				CLANG_WARN_COMMA = YES;
				CLANG_WARN_CONSTANT_CONVERSION = YES;
				CLANG_WARN_DEPRECATED_OBJC_IMPLEMENTATIONS = YES;
				CLANG_WARN_DIRECT_OBJC_ISA_USAGE = YES_ERROR;
				CLANG_WARN_DOCUMENTATION_COMMENTS = YES;
				CLANG_WARN_EMPTY_BODY = YES;
				CLANG_WARN_ENUM_CONVERSION = YES;
				CLANG_WARN_INFINITE_RECURSION = YES;
				CLANG_WARN_INT_CONVERSION = YES;
				CLANG_WARN_NON_LITERAL_NULL_CONVERSION = YES;
				CLANG_WARN_OBJC_IMPLICIT_RETAIN_SELF = YES;
				CLANG_WARN_OBJC_LITERAL_CONVERSION = YES;
				CLANG_WARN_OBJC_ROOT_CLASS = YES_ERROR;
				CLANG_WARN_QUOTED_INCLUDE_IN_FRAMEWORK_HEADER = YES;
				CLANG_WARN_RANGE_LOOP_ANALYSIS = YES;
				CLANG_WARN_STRICT_PROTOTYPES = YES;
				CLANG_WARN_SUSPICIOUS_MOVE = YES;
				CLANG_WARN_UNGUARDED_AVAILABILITY = YES_AGGRESSIVE;
				CLANG_WARN_UNREACHABLE_CODE = YES;
				CLANG_WARN__DUPLICATE_METHOD_MATCH = YES;
				COPY_PHASE_STRIP = NO;
				DEBUG_INFORMATION_FORMAT = "dwarf-with-dsym";
				ENABLE_NS_ASSERTIONS = NO;
				ENABLE_STRICT_OBJC_MSGSEND = YES;
				GCC_C_LANGUAGE_STANDARD = gnu11;
				GCC_NO_COMMON_BLOCKS = YES;
				GCC_WARN_64_TO_32_BIT_CONVERSION = YES;
				GCC_WARN_ABOUT_RETURN_TYPE = YES_ERROR;
				GCC_WARN_UNDECLARED_SELECTOR = YES;
				GCC_WARN_UNINITIALIZED_AUTOS = YES_AGGRESSIVE;
				GCC_WARN_UNUSED_FUNCTION = YES;
				GCC_WARN_UNUSED_VARIABLE = YES;
				IPHONEOS_DEPLOYMENT_TARGET = 16.4;
				MTL_ENABLE_DEBUG_INFO = NO;
				MTL_FAST_MATH = YES;
				SDKROOT = iphoneos;
				SWIFT_COMPILATION_MODE = wholemodule;
				SWIFT_OPTIMIZATION_LEVEL = "-O";
				VALIDATE_PRODUCT = YES;
			};
			name = Release;
		};
		5CAB5B602B610EA800B2AF59 /* Debug */ = {
			isa = XCBuildConfiguration;
			buildSettings = {
				ASSETCATALOG_COMPILER_APPICON_NAME = AppIcon;
				ASSETCATALOG_COMPILER_GLOBAL_ACCENT_COLOR_NAME = AccentColor;
				CODE_SIGN_STYLE = Automatic;
				CURRENT_PROJECT_VERSION = 1;
				DEVELOPMENT_TEAM = D8KHM6Q8SA;
				GENERATE_INFOPLIST_FILE = YES;
				INFOPLIST_FILE = Memetory/Info.plist;
				INFOPLIST_KEY_UIApplicationSupportsIndirectInputEvents = YES;
				INFOPLIST_KEY_UILaunchStoryboardName = LaunchScreen;
				INFOPLIST_KEY_UIMainStoryboardFile = Main;
				INFOPLIST_KEY_UISupportedInterfaceOrientations_iPad = "UIInterfaceOrientationPortrait UIInterfaceOrientationPortraitUpsideDown UIInterfaceOrientationLandscapeLeft UIInterfaceOrientationLandscapeRight";
				INFOPLIST_KEY_UISupportedInterfaceOrientations_iPhone = "UIInterfaceOrientationPortrait UIInterfaceOrientationLandscapeLeft UIInterfaceOrientationLandscapeRight";
				LD_RUNPATH_SEARCH_PATHS = (
					"$(inherited)",
					"@executable_path/Frameworks",
				);
				MARKETING_VERSION = 1.0;
				PRODUCT_BUNDLE_IDENTIFIER = kr.ac.tukorea.ios.seunge.Memetory;
				PRODUCT_NAME = "$(TARGET_NAME)";
				SWIFT_EMIT_LOC_STRINGS = YES;
				SWIFT_VERSION = 5.0;
				TARGETED_DEVICE_FAMILY = "1,2";
			};
			name = Debug;
		};
		5CAB5B612B610EA800B2AF59 /* Release */ = {
			isa = XCBuildConfiguration;
			buildSettings = {
				ASSETCATALOG_COMPILER_APPICON_NAME = AppIcon;
				ASSETCATALOG_COMPILER_GLOBAL_ACCENT_COLOR_NAME = AccentColor;
				CODE_SIGN_STYLE = Automatic;
				CURRENT_PROJECT_VERSION = 1;
				DEVELOPMENT_TEAM = D8KHM6Q8SA;
				GENERATE_INFOPLIST_FILE = YES;
				INFOPLIST_FILE = Memetory/Info.plist;
				INFOPLIST_KEY_UIApplicationSupportsIndirectInputEvents = YES;
				INFOPLIST_KEY_UILaunchStoryboardName = LaunchScreen;
				INFOPLIST_KEY_UIMainStoryboardFile = Main;
				INFOPLIST_KEY_UISupportedInterfaceOrientations_iPad = "UIInterfaceOrientationPortrait UIInterfaceOrientationPortraitUpsideDown UIInterfaceOrientationLandscapeLeft UIInterfaceOrientationLandscapeRight";
				INFOPLIST_KEY_UISupportedInterfaceOrientations_iPhone = "UIInterfaceOrientationPortrait UIInterfaceOrientationLandscapeLeft UIInterfaceOrientationLandscapeRight";
				LD_RUNPATH_SEARCH_PATHS = (
					"$(inherited)",
					"@executable_path/Frameworks",
				);
				MARKETING_VERSION = 1.0;
				PRODUCT_BUNDLE_IDENTIFIER = kr.ac.tukorea.ios.seunge.Memetory;
				PRODUCT_NAME = "$(TARGET_NAME)";
				SWIFT_EMIT_LOC_STRINGS = YES;
				SWIFT_VERSION = 5.0;
				TARGETED_DEVICE_FAMILY = "1,2";
			};
			name = Release;
		};
/* End XCBuildConfiguration section */

/* Begin XCConfigurationList section */
		5CAB5B462B610EA600B2AF59 /* Build configuration list for PBXProject "Memetory" */ = {
			isa = XCConfigurationList;
			buildConfigurations = (
				5CAB5B5D2B610EA800B2AF59 /* Debug */,
				5CAB5B5E2B610EA800B2AF59 /* Release */,
			);
			defaultConfigurationIsVisible = 0;
			defaultConfigurationName = Release;
		};
		5CAB5B5F2B610EA800B2AF59 /* Build configuration list for PBXNativeTarget "Memetory" */ = {
			isa = XCConfigurationList;
			buildConfigurations = (
				5CAB5B602B610EA800B2AF59 /* Debug */,
				5CAB5B612B610EA800B2AF59 /* Release */,
			);
			defaultConfigurationIsVisible = 0;
			defaultConfigurationName = Release;
		};
/* End XCConfigurationList section */

/* Begin XCRemoteSwiftPackageReference section */
		5CAB5B622B610F5500B2AF59 /* XCRemoteSwiftPackageReference "Alamofire" */ = {
			isa = XCRemoteSwiftPackageReference;
			repositoryURL = "https://github.com/Alamofire/Alamofire";
			requirement = {
				kind = upToNextMajorVersion;
				minimumVersion = 5.8.1;
			};
		};
		5CAB5B652B6110F500B2AF59 /* XCRemoteSwiftPackageReference "SnapKit" */ = {
			isa = XCRemoteSwiftPackageReference;
			repositoryURL = "https://github.com/SnapKit/SnapKit.git";
			requirement = {
				kind = upToNextMajorVersion;
				minimumVersion = 5.0.1;
			};
		};
		5CAB5B682B6112A800B2AF59 /* XCRemoteSwiftPackageReference "RxSwift" */ = {
			isa = XCRemoteSwiftPackageReference;
			repositoryURL = "https://github.com/ReactiveX/RxSwift?source=post_page-----c397793660--------------------------------";
			requirement = {
				kind = upToNextMajorVersion;
				minimumVersion = 6.0.0;
			};
		};
		5CD643A92BA16B2900741A13 /* XCRemoteSwiftPackageReference "aws-sdk-ios-spm" */ = {
			isa = XCRemoteSwiftPackageReference;
			repositoryURL = "https://github.com/aws-amplify/aws-sdk-ios-spm";
			requirement = {
				kind = upToNextMajorVersion;
				minimumVersion = 2.34.0;
			};
		};
/* End XCRemoteSwiftPackageReference section */

/* Begin XCSwiftPackageProductDependency section */
		5CAB5B632B610F5500B2AF59 /* Alamofire */ = {
			isa = XCSwiftPackageProductDependency;
			package = 5CAB5B622B610F5500B2AF59 /* XCRemoteSwiftPackageReference "Alamofire" */;
			productName = Alamofire;
		};
		5CAB5B662B6110F600B2AF59 /* SnapKit */ = {
			isa = XCSwiftPackageProductDependency;
			package = 5CAB5B652B6110F500B2AF59 /* XCRemoteSwiftPackageReference "SnapKit" */;
			productName = SnapKit;
		};
		5CAB5B692B6112A800B2AF59 /* RxCocoa */ = {
			isa = XCSwiftPackageProductDependency;
			package = 5CAB5B682B6112A800B2AF59 /* XCRemoteSwiftPackageReference "RxSwift" */;
			productName = RxCocoa;
		};
		5CAB5B6B2B6112A800B2AF59 /* RxRelay */ = {
			isa = XCSwiftPackageProductDependency;
			package = 5CAB5B682B6112A800B2AF59 /* XCRemoteSwiftPackageReference "RxSwift" */;
			productName = RxRelay;
		};
		5CAB5B6D2B6112A800B2AF59 /* RxSwift */ = {
			isa = XCSwiftPackageProductDependency;
			package = 5CAB5B682B6112A800B2AF59 /* XCRemoteSwiftPackageReference "RxSwift" */;
			productName = RxSwift;
		};
		5CD643AA2BA16B2900741A13 /* AWSAPIGateway */ = {
			isa = XCSwiftPackageProductDependency;
			package = 5CD643A92BA16B2900741A13 /* XCRemoteSwiftPackageReference "aws-sdk-ios-spm" */;
			productName = AWSAPIGateway;
		};
		5CD643AC2BA16B2900741A13 /* AWSAppleSignIn */ = {
			isa = XCSwiftPackageProductDependency;
			package = 5CD643A92BA16B2900741A13 /* XCRemoteSwiftPackageReference "aws-sdk-ios-spm" */;
			productName = AWSAppleSignIn;
		};
		5CD643AE2BA16B2900741A13 /* AWSAuthCore */ = {
			isa = XCSwiftPackageProductDependency;
			package = 5CD643A92BA16B2900741A13 /* XCRemoteSwiftPackageReference "aws-sdk-ios-spm" */;
			productName = AWSAuthCore;
		};
		5CD643B02BA16B2900741A13 /* AWSAuthUI */ = {
			isa = XCSwiftPackageProductDependency;
			package = 5CD643A92BA16B2900741A13 /* XCRemoteSwiftPackageReference "aws-sdk-ios-spm" */;
			productName = AWSAuthUI;
		};
		5CD643B22BA16B2900741A13 /* AWSAutoScaling */ = {
			isa = XCSwiftPackageProductDependency;
			package = 5CD643A92BA16B2900741A13 /* XCRemoteSwiftPackageReference "aws-sdk-ios-spm" */;
			productName = AWSAutoScaling;
		};
		5CD643B42BA16B2900741A13 /* AWSChimeSDKIdentity */ = {
			isa = XCSwiftPackageProductDependency;
			package = 5CD643A92BA16B2900741A13 /* XCRemoteSwiftPackageReference "aws-sdk-ios-spm" */;
			productName = AWSChimeSDKIdentity;
		};
		5CD643B62BA16B2900741A13 /* AWSChimeSDKMessaging */ = {
			isa = XCSwiftPackageProductDependency;
			package = 5CD643A92BA16B2900741A13 /* XCRemoteSwiftPackageReference "aws-sdk-ios-spm" */;
			productName = AWSChimeSDKMessaging;
		};
		5CD643B82BA16B2900741A13 /* AWSCloudWatch */ = {
			isa = XCSwiftPackageProductDependency;
			package = 5CD643A92BA16B2900741A13 /* XCRemoteSwiftPackageReference "aws-sdk-ios-spm" */;
			productName = AWSCloudWatch;
		};
		5CD643BA2BA16B2900741A13 /* AWSCognitoAuth */ = {
			isa = XCSwiftPackageProductDependency;
			package = 5CD643A92BA16B2900741A13 /* XCRemoteSwiftPackageReference "aws-sdk-ios-spm" */;
			productName = AWSCognitoAuth;
		};
		5CD643BC2BA16B2900741A13 /* AWSCognitoIdentityProvider */ = {
			isa = XCSwiftPackageProductDependency;
			package = 5CD643A92BA16B2900741A13 /* XCRemoteSwiftPackageReference "aws-sdk-ios-spm" */;
			productName = AWSCognitoIdentityProvider;
		};
		5CD643BE2BA16B2900741A13 /* AWSCognitoIdentityProviderASF */ = {
			isa = XCSwiftPackageProductDependency;
			package = 5CD643A92BA16B2900741A13 /* XCRemoteSwiftPackageReference "aws-sdk-ios-spm" */;
			productName = AWSCognitoIdentityProviderASF;
		};
		5CD643C02BA16B2900741A13 /* AWSComprehend */ = {
			isa = XCSwiftPackageProductDependency;
			package = 5CD643A92BA16B2900741A13 /* XCRemoteSwiftPackageReference "aws-sdk-ios-spm" */;
			productName = AWSComprehend;
		};
		5CD643C22BA16B2900741A13 /* AWSConnect */ = {
			isa = XCSwiftPackageProductDependency;
			package = 5CD643A92BA16B2900741A13 /* XCRemoteSwiftPackageReference "aws-sdk-ios-spm" */;
			productName = AWSConnect;
		};
		5CD643C42BA16B2900741A13 /* AWSConnectParticipant */ = {
			isa = XCSwiftPackageProductDependency;
			package = 5CD643A92BA16B2900741A13 /* XCRemoteSwiftPackageReference "aws-sdk-ios-spm" */;
			productName = AWSConnectParticipant;
		};
		5CD643C62BA16B2900741A13 /* AWSCore */ = {
			isa = XCSwiftPackageProductDependency;
			package = 5CD643A92BA16B2900741A13 /* XCRemoteSwiftPackageReference "aws-sdk-ios-spm" */;
			productName = AWSCore;
		};
		5CD643C82BA16B2900741A13 /* AWSDynamoDB */ = {
			isa = XCSwiftPackageProductDependency;
			package = 5CD643A92BA16B2900741A13 /* XCRemoteSwiftPackageReference "aws-sdk-ios-spm" */;
			productName = AWSDynamoDB;
		};
		5CD643CA2BA16B2900741A13 /* AWSEC2 */ = {
			isa = XCSwiftPackageProductDependency;
			package = 5CD643A92BA16B2900741A13 /* XCRemoteSwiftPackageReference "aws-sdk-ios-spm" */;
			productName = AWSEC2;
		};
		5CD643CC2BA16B2900741A13 /* AWSElasticLoadBalancing */ = {
			isa = XCSwiftPackageProductDependency;
			package = 5CD643A92BA16B2900741A13 /* XCRemoteSwiftPackageReference "aws-sdk-ios-spm" */;
			productName = AWSElasticLoadBalancing;
		};
		5CD643CE2BA16B2900741A13 /* AWSFacebookSignIn */ = {
			isa = XCSwiftPackageProductDependency;
			package = 5CD643A92BA16B2900741A13 /* XCRemoteSwiftPackageReference "aws-sdk-ios-spm" */;
			productName = AWSFacebookSignIn;
		};
		5CD643D02BA16B2900741A13 /* AWSGoogleSignIn */ = {
			isa = XCSwiftPackageProductDependency;
			package = 5CD643A92BA16B2900741A13 /* XCRemoteSwiftPackageReference "aws-sdk-ios-spm" */;
			productName = AWSGoogleSignIn;
		};
		5CD643D22BA16B2900741A13 /* AWSIoT */ = {
			isa = XCSwiftPackageProductDependency;
			package = 5CD643A92BA16B2900741A13 /* XCRemoteSwiftPackageReference "aws-sdk-ios-spm" */;
			productName = AWSIoT;
		};
		5CD643D42BA16B2900741A13 /* AWSKMS */ = {
			isa = XCSwiftPackageProductDependency;
			package = 5CD643A92BA16B2900741A13 /* XCRemoteSwiftPackageReference "aws-sdk-ios-spm" */;
			productName = AWSKMS;
		};
		5CD643D62BA16B2900741A13 /* AWSKinesis */ = {
			isa = XCSwiftPackageProductDependency;
			package = 5CD643A92BA16B2900741A13 /* XCRemoteSwiftPackageReference "aws-sdk-ios-spm" */;
			productName = AWSKinesis;
		};
		5CD643D82BA16B2900741A13 /* AWSKinesisVideo */ = {
			isa = XCSwiftPackageProductDependency;
			package = 5CD643A92BA16B2900741A13 /* XCRemoteSwiftPackageReference "aws-sdk-ios-spm" */;
			productName = AWSKinesisVideo;
		};
		5CD643DA2BA16B2900741A13 /* AWSKinesisVideoArchivedMedia */ = {
			isa = XCSwiftPackageProductDependency;
			package = 5CD643A92BA16B2900741A13 /* XCRemoteSwiftPackageReference "aws-sdk-ios-spm" */;
			productName = AWSKinesisVideoArchivedMedia;
		};
		5CD643DC2BA16B2900741A13 /* AWSKinesisVideoSignaling */ = {
			isa = XCSwiftPackageProductDependency;
			package = 5CD643A92BA16B2900741A13 /* XCRemoteSwiftPackageReference "aws-sdk-ios-spm" */;
			productName = AWSKinesisVideoSignaling;
		};
		5CD643DE2BA16B2900741A13 /* AWSKinesisVideoWebRTCStorage */ = {
			isa = XCSwiftPackageProductDependency;
			package = 5CD643A92BA16B2900741A13 /* XCRemoteSwiftPackageReference "aws-sdk-ios-spm" */;
			productName = AWSKinesisVideoWebRTCStorage;
		};
		5CD643E02BA16B2900741A13 /* AWSLambda */ = {
			isa = XCSwiftPackageProductDependency;
			package = 5CD643A92BA16B2900741A13 /* XCRemoteSwiftPackageReference "aws-sdk-ios-spm" */;
			productName = AWSLambda;
		};
		5CD643E22BA16B2900741A13 /* AWSLex */ = {
			isa = XCSwiftPackageProductDependency;
			package = 5CD643A92BA16B2900741A13 /* XCRemoteSwiftPackageReference "aws-sdk-ios-spm" */;
			productName = AWSLex;
		};
		5CD643E42BA16B2900741A13 /* AWSLocationXCF */ = {
			isa = XCSwiftPackageProductDependency;
			package = 5CD643A92BA16B2900741A13 /* XCRemoteSwiftPackageReference "aws-sdk-ios-spm" */;
			productName = AWSLocationXCF;
		};
		5CD643E62BA16B2900741A13 /* AWSLogs */ = {
			isa = XCSwiftPackageProductDependency;
			package = 5CD643A92BA16B2900741A13 /* XCRemoteSwiftPackageReference "aws-sdk-ios-spm" */;
			productName = AWSLogs;
		};
		5CD643E82BA16B2900741A13 /* AWSMachineLearning */ = {
			isa = XCSwiftPackageProductDependency;
			package = 5CD643A92BA16B2900741A13 /* XCRemoteSwiftPackageReference "aws-sdk-ios-spm" */;
			productName = AWSMachineLearning;
		};
		5CD643EA2BA16B2900741A13 /* AWSMobileClientXCF */ = {
			isa = XCSwiftPackageProductDependency;
			package = 5CD643A92BA16B2900741A13 /* XCRemoteSwiftPackageReference "aws-sdk-ios-spm" */;
			productName = AWSMobileClientXCF;
		};
		5CD643EC2BA16B2900741A13 /* AWSPinpoint */ = {
			isa = XCSwiftPackageProductDependency;
			package = 5CD643A92BA16B2900741A13 /* XCRemoteSwiftPackageReference "aws-sdk-ios-spm" */;
			productName = AWSPinpoint;
		};
		5CD643EE2BA16B2900741A13 /* AWSPolly */ = {
			isa = XCSwiftPackageProductDependency;
			package = 5CD643A92BA16B2900741A13 /* XCRemoteSwiftPackageReference "aws-sdk-ios-spm" */;
			productName = AWSPolly;
		};
		5CD643F02BA16B2900741A13 /* AWSRekognition */ = {
			isa = XCSwiftPackageProductDependency;
			package = 5CD643A92BA16B2900741A13 /* XCRemoteSwiftPackageReference "aws-sdk-ios-spm" */;
			productName = AWSRekognition;
		};
		5CD643F22BA16B2900741A13 /* AWSS3 */ = {
			isa = XCSwiftPackageProductDependency;
			package = 5CD643A92BA16B2900741A13 /* XCRemoteSwiftPackageReference "aws-sdk-ios-spm" */;
			productName = AWSS3;
		};
		5CD643F42BA16B2900741A13 /* AWSSES */ = {
			isa = XCSwiftPackageProductDependency;
			package = 5CD643A92BA16B2900741A13 /* XCRemoteSwiftPackageReference "aws-sdk-ios-spm" */;
			productName = AWSSES;
		};
		5CD643F62BA16B2900741A13 /* AWSSNS */ = {
			isa = XCSwiftPackageProductDependency;
			package = 5CD643A92BA16B2900741A13 /* XCRemoteSwiftPackageReference "aws-sdk-ios-spm" */;
			productName = AWSSNS;
		};
		5CD643F82BA16B2900741A13 /* AWSSQS */ = {
			isa = XCSwiftPackageProductDependency;
			package = 5CD643A92BA16B2900741A13 /* XCRemoteSwiftPackageReference "aws-sdk-ios-spm" */;
			productName = AWSSQS;
		};
		5CD643FA2BA16B2900741A13 /* AWSSageMakerRuntime */ = {
			isa = XCSwiftPackageProductDependency;
			package = 5CD643A92BA16B2900741A13 /* XCRemoteSwiftPackageReference "aws-sdk-ios-spm" */;
			productName = AWSSageMakerRuntime;
		};
		5CD643FC2BA16B2900741A13 /* AWSSimpleDB */ = {
			isa = XCSwiftPackageProductDependency;
			package = 5CD643A92BA16B2900741A13 /* XCRemoteSwiftPackageReference "aws-sdk-ios-spm" */;
			productName = AWSSimpleDB;
		};
		5CD643FE2BA16B2900741A13 /* AWSTextract */ = {
			isa = XCSwiftPackageProductDependency;
			package = 5CD643A92BA16B2900741A13 /* XCRemoteSwiftPackageReference "aws-sdk-ios-spm" */;
			productName = AWSTextract;
		};
		5CD644002BA16B2900741A13 /* AWSTranscribe */ = {
			isa = XCSwiftPackageProductDependency;
			package = 5CD643A92BA16B2900741A13 /* XCRemoteSwiftPackageReference "aws-sdk-ios-spm" */;
			productName = AWSTranscribe;
		};
		5CD644022BA16B2900741A13 /* AWSTranscribeStreaming */ = {
			isa = XCSwiftPackageProductDependency;
			package = 5CD643A92BA16B2900741A13 /* XCRemoteSwiftPackageReference "aws-sdk-ios-spm" */;
			productName = AWSTranscribeStreaming;
		};
		5CD644042BA16B2900741A13 /* AWSTranslate */ = {
			isa = XCSwiftPackageProductDependency;
			package = 5CD643A92BA16B2900741A13 /* XCRemoteSwiftPackageReference "aws-sdk-ios-spm" */;
			productName = AWSTranslate;
		};
		5CD644062BA16B2900741A13 /* AWSUserPoolsSignIn */ = {
			isa = XCSwiftPackageProductDependency;
			package = 5CD643A92BA16B2900741A13 /* XCRemoteSwiftPackageReference "aws-sdk-ios-spm" */;
			productName = AWSUserPoolsSignIn;
		};
/* End XCSwiftPackageProductDependency section */
	};
	rootObject = 5CAB5B432B610EA600B2AF59 /* Project object */;
}
